// !$*UTF8*$!
{
	archiveVersion = 1;
	classes = {
	};
	objectVersion = 46;
	objects = {

/* Begin PBXBuildFile section */
		020234611C4E1B1C00A4E282 /* libopencv_core.dylib in Frameworks */ = {isa = PBXBuildFile; fileRef = 020234601C4E1B1C00A4E282 /* libopencv_core.dylib */; };
		020234631C4E1B2500A4E282 /* libopencv_highgui.dylib in Frameworks */ = {isa = PBXBuildFile; fileRef = 020234621C4E1B2500A4E282 /* libopencv_highgui.dylib */; };
		020234651C4E1B2C00A4E282 /* libopencv_imgproc.dylib in Frameworks */ = {isa = PBXBuildFile; fileRef = 020234641C4E1B2C00A4E282 /* libopencv_imgproc.dylib */; };
		020234691C4E1B7100A4E282 /* libopencv_features2d.dylib in Frameworks */ = {isa = PBXBuildFile; fileRef = 020234681C4E1B7100A4E282 /* libopencv_features2d.dylib */; };
		0202346B1C4E1BAB00A4E282 /* libopencv_nonfree.dylib in Frameworks */ = {isa = PBXBuildFile; fileRef = 0202346A1C4E1BAB00A4E282 /* libopencv_nonfree.dylib */; };
		0202346C1C4E336200A4E282 /* libopencv_nonfree.dylib in Frameworks */ = {isa = PBXBuildFile; fileRef = 0202346A1C4E1BAB00A4E282 /* libopencv_nonfree.dylib */; };
		0202346D1C4E336500A4E282 /* libopencv_features2d.dylib in Frameworks */ = {isa = PBXBuildFile; fileRef = 020234681C4E1B7100A4E282 /* libopencv_features2d.dylib */; };
		0202346E1C4E336700A4E282 /* libopencv_imgproc.dylib in Frameworks */ = {isa = PBXBuildFile; fileRef = 020234641C4E1B2C00A4E282 /* libopencv_imgproc.dylib */; };
		0202346F1C4E336A00A4E282 /* libopencv_highgui.dylib in Frameworks */ = {isa = PBXBuildFile; fileRef = 020234621C4E1B2500A4E282 /* libopencv_highgui.dylib */; };
		020234701C4E336D00A4E282 /* libopencv_core.dylib in Frameworks */ = {isa = PBXBuildFile; fileRef = 020234601C4E1B1C00A4E282 /* libopencv_core.dylib */; };
		020EE39C1C5071E3008D6045 /* libopencv_nonfree.dylib in Frameworks */ = {isa = PBXBuildFile; fileRef = 0202346A1C4E1BAB00A4E282 /* libopencv_nonfree.dylib */; };
		020EE39D1C5071E6008D6045 /* libopencv_features2d.dylib in Frameworks */ = {isa = PBXBuildFile; fileRef = 020234681C4E1B7100A4E282 /* libopencv_features2d.dylib */; };
		020EE39E1C5071E9008D6045 /* libopencv_imgproc.dylib in Frameworks */ = {isa = PBXBuildFile; fileRef = 020234641C4E1B2C00A4E282 /* libopencv_imgproc.dylib */; };
		020EE39F1C5071ED008D6045 /* libopencv_highgui.dylib in Frameworks */ = {isa = PBXBuildFile; fileRef = 020234621C4E1B2500A4E282 /* libopencv_highgui.dylib */; };
		020EE3A01C5071F1008D6045 /* libopencv_core.dylib in Frameworks */ = {isa = PBXBuildFile; fileRef = 020234601C4E1B1C00A4E282 /* libopencv_core.dylib */; };
		02206DE41C356B0400733203 /* main.cpp in Sources */ = {isa = PBXBuildFile; fileRef = 02206DE31C356B0400733203 /* main.cpp */; };
		0245CD621C3F848B00FF5E33 /* main.cpp in Sources */ = {isa = PBXBuildFile; fileRef = 0245CD611C3F848B00FF5E33 /* main.cpp */; };
		0245CD661C3F84BE00FF5E33 /* Rotate.cpp in Sources */ = {isa = PBXBuildFile; fileRef = 028D7A121C302CE200790A10 /* Rotate.cpp */; };
		0245CD711C3F866D00FF5E33 /* main.cpp in Sources */ = {isa = PBXBuildFile; fileRef = 0245CD701C3F866D00FF5E33 /* main.cpp */; };
		0245CD751C3F92E400FF5E33 /* Rotate.cpp in Sources */ = {isa = PBXBuildFile; fileRef = 028D7A121C302CE200790A10 /* Rotate.cpp */; };
		0245CD801C41382500FF5E33 /* main.cpp in Sources */ = {isa = PBXBuildFile; fileRef = 0245CD7F1C41382500FF5E33 /* main.cpp */; };
		0245CD8B1C415BA700FF5E33 /* Rotate.cpp in Sources */ = {isa = PBXBuildFile; fileRef = 028D7A121C302CE200790A10 /* Rotate.cpp */; };
		0245CD8F1C4233E000FF5E33 /* Transform.cpp in Sources */ = {isa = PBXBuildFile; fileRef = 0245CD8D1C4233E000FF5E33 /* Transform.cpp */; };
		0245CD901C4235AA00FF5E33 /* Transform.cpp in Sources */ = {isa = PBXBuildFile; fileRef = 0245CD8D1C4233E000FF5E33 /* Transform.cpp */; };
		0245CD911C423D9D00FF5E33 /* Transform.cpp in Sources */ = {isa = PBXBuildFile; fileRef = 0245CD8D1C4233E000FF5E33 /* Transform.cpp */; };
		0245CD951C43B4BC00FF5E33 /* Match.cpp in Sources */ = {isa = PBXBuildFile; fileRef = 0245CD931C43B4BC00FF5E33 /* Match.cpp */; };
		0245CD961C43D84100FF5E33 /* Match.cpp in Sources */ = {isa = PBXBuildFile; fileRef = 0245CD931C43B4BC00FF5E33 /* Match.cpp */; };
		0245CD9E1C43DF3700FF5E33 /* main.cpp in Sources */ = {isa = PBXBuildFile; fileRef = 0245CD9D1C43DF3700FF5E33 /* main.cpp */; };
		0245CDA71C43E24200FF5E33 /* Transform.cpp in Sources */ = {isa = PBXBuildFile; fileRef = 0245CD8D1C4233E000FF5E33 /* Transform.cpp */; };
		0245CDA81C43E24500FF5E33 /* Match.cpp in Sources */ = {isa = PBXBuildFile; fileRef = 0245CD931C43B4BC00FF5E33 /* Match.cpp */; };
		0245CDA91C43E24900FF5E33 /* Rotate.cpp in Sources */ = {isa = PBXBuildFile; fileRef = 028D7A121C302CE200790A10 /* Rotate.cpp */; };
		0245CDAA1C44DFD700FF5E33 /* Transform.cpp in Sources */ = {isa = PBXBuildFile; fileRef = 0245CD8D1C4233E000FF5E33 /* Transform.cpp */; };
		0245CDAB1C4780D200FF5E33 /* Rotate.cpp in Sources */ = {isa = PBXBuildFile; fileRef = 028D7A121C302CE200790A10 /* Rotate.cpp */; };
		0245CDAC1C4780D700FF5E33 /* Transform.cpp in Sources */ = {isa = PBXBuildFile; fileRef = 0245CD8D1C4233E000FF5E33 /* Transform.cpp */; };
		028D79FB1C30130B00790A10 /* main.cpp in Sources */ = {isa = PBXBuildFile; fileRef = 028D79FA1C30130B00790A10 /* main.cpp */; };
/* End PBXBuildFile section */

/* Begin PBXCopyFilesBuildPhase section */
		02206DDF1C356B0400733203 /* CopyFiles */ = {
			isa = PBXCopyFilesBuildPhase;
			buildActionMask = 2147483647;
			dstPath = /usr/share/man/man1/;
			dstSubfolderSpec = 0;
			files = (
			);
			runOnlyForDeploymentPostprocessing = 1;
		};
		0245CD5D1C3F848B00FF5E33 /* CopyFiles */ = {
			isa = PBXCopyFilesBuildPhase;
			buildActionMask = 2147483647;
			dstPath = /usr/share/man/man1/;
			dstSubfolderSpec = 0;
			files = (
			);
			runOnlyForDeploymentPostprocessing = 1;
		};
		0245CD6C1C3F866D00FF5E33 /* CopyFiles */ = {
			isa = PBXCopyFilesBuildPhase;
			buildActionMask = 2147483647;
			dstPath = /usr/share/man/man1/;
			dstSubfolderSpec = 0;
			files = (
			);
			runOnlyForDeploymentPostprocessing = 1;
		};
		0245CD7B1C41382500FF5E33 /* CopyFiles */ = {
			isa = PBXCopyFilesBuildPhase;
			buildActionMask = 2147483647;
			dstPath = /usr/share/man/man1/;
			dstSubfolderSpec = 0;
			files = (
			);
			runOnlyForDeploymentPostprocessing = 1;
		};
		0245CD991C43DF3700FF5E33 /* CopyFiles */ = {
			isa = PBXCopyFilesBuildPhase;
			buildActionMask = 2147483647;
			dstPath = /usr/share/man/man1/;
			dstSubfolderSpec = 0;
			files = (
			);
			runOnlyForDeploymentPostprocessing = 1;
		};
		028D79F51C30130B00790A10 /* CopyFiles */ = {
			isa = PBXCopyFilesBuildPhase;
			buildActionMask = 2147483647;
			dstPath = /usr/share/man/man1/;
			dstSubfolderSpec = 0;
			files = (
			);
			runOnlyForDeploymentPostprocessing = 1;
		};
		028D7A031C301B9700790A10 /* CopyFiles */ = {
			isa = PBXCopyFilesBuildPhase;
			buildActionMask = 2147483647;
			dstPath = /usr/share/man/man1/;
			dstSubfolderSpec = 0;
			files = (
			);
			runOnlyForDeploymentPostprocessing = 1;
		};
/* End PBXCopyFilesBuildPhase section */

/* Begin PBXFileReference section */
		020234601C4E1B1C00A4E282 /* libopencv_core.dylib */ = {isa = PBXFileReference; lastKnownFileType = "compiled.mach-o.dylib"; name = libopencv_core.dylib; path = ../../../../../../../usr/local/Cellar/opencv/2.4.12_2/lib/libopencv_core.dylib; sourceTree = "<group>"; };
		020234621C4E1B2500A4E282 /* libopencv_highgui.dylib */ = {isa = PBXFileReference; lastKnownFileType = "compiled.mach-o.dylib"; name = libopencv_highgui.dylib; path = ../../../../../../../usr/local/Cellar/opencv/2.4.12_2/lib/libopencv_highgui.dylib; sourceTree = "<group>"; };
		020234641C4E1B2C00A4E282 /* libopencv_imgproc.dylib */ = {isa = PBXFileReference; lastKnownFileType = "compiled.mach-o.dylib"; name = libopencv_imgproc.dylib; path = ../../../../../../../usr/local/Cellar/opencv/2.4.12_2/lib/libopencv_imgproc.dylib; sourceTree = "<group>"; };
		020234681C4E1B7100A4E282 /* libopencv_features2d.dylib */ = {isa = PBXFileReference; lastKnownFileType = "compiled.mach-o.dylib"; name = libopencv_features2d.dylib; path = ../../../../../../../usr/local/Cellar/opencv/2.4.12_2/lib/libopencv_features2d.dylib; sourceTree = "<group>"; };
		0202346A1C4E1BAB00A4E282 /* libopencv_nonfree.dylib */ = {isa = PBXFileReference; lastKnownFileType = "compiled.mach-o.dylib"; name = libopencv_nonfree.dylib; path = ../../../../../../../usr/local/Cellar/opencv/2.4.12_2/lib/libopencv_nonfree.dylib; sourceTree = "<group>"; };
		02206DE11C356B0400733203 /* Test */ = {isa = PBXFileReference; explicitFileType = "compiled.mach-o.executable"; includeInIndex = 0; path = Test; sourceTree = BUILT_PRODUCTS_DIR; };
		02206DE31C356B0400733203 /* main.cpp */ = {isa = PBXFileReference; lastKnownFileType = sourcecode.cpp.cpp; path = main.cpp; sourceTree = "<group>"; };
		0245CD5F1C3F848B00FF5E33 /* RotationTest */ = {isa = PBXFileReference; explicitFileType = "compiled.mach-o.executable"; includeInIndex = 0; path = RotationTest; sourceTree = BUILT_PRODUCTS_DIR; };
		0245CD611C3F848B00FF5E33 /* main.cpp */ = {isa = PBXFileReference; lastKnownFileType = sourcecode.cpp.cpp; path = main.cpp; sourceTree = "<group>"; };
		0245CD6E1C3F866D00FF5E33 /* WriteVideo */ = {isa = PBXFileReference; explicitFileType = "compiled.mach-o.executable"; includeInIndex = 0; path = WriteVideo; sourceTree = BUILT_PRODUCTS_DIR; };
		0245CD701C3F866D00FF5E33 /* main.cpp */ = {isa = PBXFileReference; lastKnownFileType = sourcecode.cpp.cpp; path = main.cpp; sourceTree = "<group>"; };
		0245CD7D1C41382500FF5E33 /* MatchTest */ = {isa = PBXFileReference; explicitFileType = "compiled.mach-o.executable"; includeInIndex = 0; path = MatchTest; sourceTree = BUILT_PRODUCTS_DIR; };
		0245CD7F1C41382500FF5E33 /* main.cpp */ = {isa = PBXFileReference; lastKnownFileType = sourcecode.cpp.cpp; path = main.cpp; sourceTree = "<group>"; };
		0245CD8D1C4233E000FF5E33 /* Transform.cpp */ = {isa = PBXFileReference; fileEncoding = 4; lastKnownFileType = sourcecode.cpp.cpp; name = Transform.cpp; path = Transform/Transform.cpp; sourceTree = "<group>"; };
		0245CD8E1C4233E000FF5E33 /* Transform.hpp */ = {isa = PBXFileReference; fileEncoding = 4; lastKnownFileType = sourcecode.cpp.h; name = Transform.hpp; path = Transform/Transform.hpp; sourceTree = "<group>"; };
		0245CD931C43B4BC00FF5E33 /* Match.cpp */ = {isa = PBXFileReference; fileEncoding = 4; lastKnownFileType = sourcecode.cpp.cpp; name = Match.cpp; path = Match/Match.cpp; sourceTree = "<group>"; };
		0245CD941C43B4BC00FF5E33 /* Match.hpp */ = {isa = PBXFileReference; fileEncoding = 4; lastKnownFileType = sourcecode.cpp.h; name = Match.hpp; path = Match/Match.hpp; sourceTree = "<group>"; };
		0245CD9B1C43DF3700FF5E33 /* VideoMatchTest */ = {isa = PBXFileReference; explicitFileType = "compiled.mach-o.executable"; includeInIndex = 0; path = VideoMatchTest; sourceTree = BUILT_PRODUCTS_DIR; };
		0245CD9D1C43DF3700FF5E33 /* main.cpp */ = {isa = PBXFileReference; lastKnownFileType = sourcecode.cpp.cpp; path = main.cpp; sourceTree = "<group>"; };
		028D79F71C30130B00790A10 /* OmnidirectionalImage */ = {isa = PBXFileReference; explicitFileType = "compiled.mach-o.executable"; includeInIndex = 0; path = OmnidirectionalImage; sourceTree = BUILT_PRODUCTS_DIR; };
		028D79FA1C30130B00790A10 /* main.cpp */ = {isa = PBXFileReference; lastKnownFileType = sourcecode.cpp.cpp; path = main.cpp; sourceTree = "<group>"; };
		028D7A051C301B9700790A10 /* Rotate */ = {isa = PBXFileReference; explicitFileType = "compiled.mach-o.executable"; includeInIndex = 0; path = Rotate; sourceTree = BUILT_PRODUCTS_DIR; };
		028D7A121C302CE200790A10 /* Rotate.cpp */ = {isa = PBXFileReference; fileEncoding = 4; lastKnownFileType = sourcecode.cpp.cpp; path = Rotate.cpp; sourceTree = "<group>"; };
		028D7A131C302CE200790A10 /* Rotate.hpp */ = {isa = PBXFileReference; fileEncoding = 4; lastKnownFileType = sourcecode.cpp.h; path = Rotate.hpp; sourceTree = "<group>"; };
/* End PBXFileReference section */

/* Begin PBXFrameworksBuildPhase section */
		02206DDE1C356B0400733203 /* Frameworks */ = {
			isa = PBXFrameworksBuildPhase;
			buildActionMask = 2147483647;
			files = (
			);
			runOnlyForDeploymentPostprocessing = 0;
		};
		0245CD5C1C3F848B00FF5E33 /* Frameworks */ = {
			isa = PBXFrameworksBuildPhase;
			buildActionMask = 2147483647;
			files = (
				020EE39E1C5071E9008D6045 /* libopencv_imgproc.dylib in Frameworks */,
				020EE3A01C5071F1008D6045 /* libopencv_core.dylib in Frameworks */,
				020EE39D1C5071E6008D6045 /* libopencv_features2d.dylib in Frameworks */,
				020EE39C1C5071E3008D6045 /* libopencv_nonfree.dylib in Frameworks */,
				020EE39F1C5071ED008D6045 /* libopencv_highgui.dylib in Frameworks */,
			);
			runOnlyForDeploymentPostprocessing = 0;
		};
		0245CD6B1C3F866D00FF5E33 /* Frameworks */ = {
			isa = PBXFrameworksBuildPhase;
			buildActionMask = 2147483647;
			files = (
				0202346E1C4E336700A4E282 /* libopencv_imgproc.dylib in Frameworks */,
				020234701C4E336D00A4E282 /* libopencv_core.dylib in Frameworks */,
				0202346D1C4E336500A4E282 /* libopencv_features2d.dylib in Frameworks */,
				0202346C1C4E336200A4E282 /* libopencv_nonfree.dylib in Frameworks */,
				0202346F1C4E336A00A4E282 /* libopencv_highgui.dylib in Frameworks */,
			);
			runOnlyForDeploymentPostprocessing = 0;
		};
		0245CD7A1C41382500FF5E33 /* Frameworks */ = {
			isa = PBXFrameworksBuildPhase;
			buildActionMask = 2147483647;
			files = (
				020234611C4E1B1C00A4E282 /* libopencv_core.dylib in Frameworks */,
				020234631C4E1B2500A4E282 /* libopencv_highgui.dylib in Frameworks */,
				020234651C4E1B2C00A4E282 /* libopencv_imgproc.dylib in Frameworks */,
				020234691C4E1B7100A4E282 /* libopencv_features2d.dylib in Frameworks */,
				0202346B1C4E1BAB00A4E282 /* libopencv_nonfree.dylib in Frameworks */,
			);
			runOnlyForDeploymentPostprocessing = 0;
		};
		0245CD981C43DF3700FF5E33 /* Frameworks */ = {
			isa = PBXFrameworksBuildPhase;
			buildActionMask = 2147483647;
			files = (
			);
			runOnlyForDeploymentPostprocessing = 0;
		};
		028D79F41C30130B00790A10 /* Frameworks */ = {
			isa = PBXFrameworksBuildPhase;
			buildActionMask = 2147483647;
			files = (
			);
			runOnlyForDeploymentPostprocessing = 0;
		};
		028D7A021C301B9700790A10 /* Frameworks */ = {
			isa = PBXFrameworksBuildPhase;
			buildActionMask = 2147483647;
			files = (
			);
			runOnlyForDeploymentPostprocessing = 0;
		};
/* End PBXFrameworksBuildPhase section */

/* Begin PBXGroup section */
		02206DE21C356B0400733203 /* Test */ = {
			isa = PBXGroup;
			children = (
				02206DE31C356B0400733203 /* main.cpp */,
			);
			path = Test;
			sourceTree = "<group>";
		};
		0245CD5A1C3F83DE00FF5E33 /* Rotate */ = {
			isa = PBXGroup;
			children = (
				028D7A121C302CE200790A10 /* Rotate.cpp */,
				028D7A131C302CE200790A10 /* Rotate.hpp */,
			);
			path = Rotate;
			sourceTree = "<group>";
		};
		0245CD601C3F848B00FF5E33 /* RotationTest */ = {
			isa = PBXGroup;
			children = (
				0245CD611C3F848B00FF5E33 /* main.cpp */,
			);
			path = RotationTest;
			sourceTree = "<group>";
		};
		0245CD6F1C3F866D00FF5E33 /* WriteVideo */ = {
			isa = PBXGroup;
			children = (
				0245CD701C3F866D00FF5E33 /* main.cpp */,
			);
			path = WriteVideo;
			sourceTree = "<group>";
		};
		0245CD7E1C41382500FF5E33 /* MatchTest */ = {
			isa = PBXGroup;
			children = (
				0245CD7F1C41382500FF5E33 /* main.cpp */,
			);
			path = MatchTest;
			sourceTree = "<group>";
		};
		0245CD8C1C4233B100FF5E33 /* Transform */ = {
			isa = PBXGroup;
			children = (
				0245CD8D1C4233E000FF5E33 /* Transform.cpp */,
				0245CD8E1C4233E000FF5E33 /* Transform.hpp */,
			);
			name = Transform;
			sourceTree = "<group>";
		};
		0245CD921C43B46100FF5E33 /* Match */ = {
			isa = PBXGroup;
			children = (
				0245CD931C43B4BC00FF5E33 /* Match.cpp */,
				0245CD941C43B4BC00FF5E33 /* Match.hpp */,
			);
			name = Match;
			sourceTree = "<group>";
		};
		0245CD9C1C43DF3700FF5E33 /* VideoMatchTest */ = {
			isa = PBXGroup;
			children = (
				0245CD9D1C43DF3700FF5E33 /* main.cpp */,
			);
			path = VideoMatchTest;
			sourceTree = "<group>";
		};
		028D79EE1C30130B00790A10 = {
			isa = PBXGroup;
			children = (
				0202346A1C4E1BAB00A4E282 /* libopencv_nonfree.dylib */,
				020234681C4E1B7100A4E282 /* libopencv_features2d.dylib */,
				020234641C4E1B2C00A4E282 /* libopencv_imgproc.dylib */,
				020234621C4E1B2500A4E282 /* libopencv_highgui.dylib */,
				020234601C4E1B1C00A4E282 /* libopencv_core.dylib */,
				028D79F91C30130B00790A10 /* OmnidirectionalImage */,
				02206DE21C356B0400733203 /* Test */,
				0245CD601C3F848B00FF5E33 /* RotationTest */,
				0245CD6F1C3F866D00FF5E33 /* WriteVideo */,
				0245CD7E1C41382500FF5E33 /* MatchTest */,
				0245CD9C1C43DF3700FF5E33 /* VideoMatchTest */,
				028D79F81C30130B00790A10 /* Products */,
				0245CD8C1C4233B100FF5E33 /* Transform */,
				0245CD921C43B46100FF5E33 /* Match */,
				0245CD5A1C3F83DE00FF5E33 /* Rotate */,
			);
			sourceTree = "<group>";
		};
		028D79F81C30130B00790A10 /* Products */ = {
			isa = PBXGroup;
			children = (
				028D79F71C30130B00790A10 /* OmnidirectionalImage */,
				028D7A051C301B9700790A10 /* Rotate */,
				02206DE11C356B0400733203 /* Test */,
				0245CD5F1C3F848B00FF5E33 /* RotationTest */,
				0245CD6E1C3F866D00FF5E33 /* WriteVideo */,
				0245CD7D1C41382500FF5E33 /* MatchTest */,
				0245CD9B1C43DF3700FF5E33 /* VideoMatchTest */,
			);
			name = Products;
			sourceTree = "<group>";
		};
		028D79F91C30130B00790A10 /* OmnidirectionalImage */ = {
			isa = PBXGroup;
			children = (
				028D79FA1C30130B00790A10 /* main.cpp */,
			);
			path = OmnidirectionalImage;
			sourceTree = "<group>";
		};
/* End PBXGroup section */

/* Begin PBXNativeTarget section */
		02206DE01C356B0400733203 /* Test */ = {
			isa = PBXNativeTarget;
			buildConfigurationList = 02206DE71C356B0400733203 /* Build configuration list for PBXNativeTarget "Test" */;
			buildPhases = (
				02206DDD1C356B0400733203 /* Sources */,
				02206DDE1C356B0400733203 /* Frameworks */,
				02206DDF1C356B0400733203 /* CopyFiles */,
			);
			buildRules = (
			);
			dependencies = (
			);
			name = Test;
			productName = Test;
			productReference = 02206DE11C356B0400733203 /* Test */;
			productType = "com.apple.product-type.tool";
		};
		0245CD5E1C3F848B00FF5E33 /* RotationTest */ = {
			isa = PBXNativeTarget;
			buildConfigurationList = 0245CD631C3F848B00FF5E33 /* Build configuration list for PBXNativeTarget "RotationTest" */;
			buildPhases = (
				0245CD5B1C3F848B00FF5E33 /* Sources */,
				0245CD5C1C3F848B00FF5E33 /* Frameworks */,
				0245CD5D1C3F848B00FF5E33 /* CopyFiles */,
			);
			buildRules = (
			);
			dependencies = (
			);
			name = RotationTest;
			productName = RotationTest;
			productReference = 0245CD5F1C3F848B00FF5E33 /* RotationTest */;
			productType = "com.apple.product-type.tool";
		};
		0245CD6D1C3F866D00FF5E33 /* WriteVideo */ = {
			isa = PBXNativeTarget;
			buildConfigurationList = 0245CD721C3F866D00FF5E33 /* Build configuration list for PBXNativeTarget "WriteVideo" */;
			buildPhases = (
				0245CD6A1C3F866D00FF5E33 /* Sources */,
				0245CD6B1C3F866D00FF5E33 /* Frameworks */,
				0245CD6C1C3F866D00FF5E33 /* CopyFiles */,
			);
			buildRules = (
			);
			dependencies = (
			);
			name = WriteVideo;
			productName = WriteVideo;
			productReference = 0245CD6E1C3F866D00FF5E33 /* WriteVideo */;
			productType = "com.apple.product-type.tool";
		};
		0245CD7C1C41382500FF5E33 /* MatchTest */ = {
			isa = PBXNativeTarget;
			buildConfigurationList = 0245CD811C41382500FF5E33 /* Build configuration list for PBXNativeTarget "MatchTest" */;
			buildPhases = (
				0245CD791C41382500FF5E33 /* Sources */,
				0245CD7A1C41382500FF5E33 /* Frameworks */,
				0245CD7B1C41382500FF5E33 /* CopyFiles */,
			);
			buildRules = (
			);
			dependencies = (
			);
			name = MatchTest;
			productName = MatchTest;
			productReference = 0245CD7D1C41382500FF5E33 /* MatchTest */;
			productType = "com.apple.product-type.tool";
		};
		0245CD9A1C43DF3700FF5E33 /* VideoMatchTest */ = {
			isa = PBXNativeTarget;
			buildConfigurationList = 0245CD9F1C43DF3700FF5E33 /* Build configuration list for PBXNativeTarget "VideoMatchTest" */;
			buildPhases = (
				0245CD971C43DF3700FF5E33 /* Sources */,
				0245CD981C43DF3700FF5E33 /* Frameworks */,
				0245CD991C43DF3700FF5E33 /* CopyFiles */,
			);
			buildRules = (
			);
			dependencies = (
			);
			name = VideoMatchTest;
			productName = VideoMatchTest;
			productReference = 0245CD9B1C43DF3700FF5E33 /* VideoMatchTest */;
			productType = "com.apple.product-type.tool";
		};
		028D79F61C30130B00790A10 /* OmnidirectionalImage */ = {
			isa = PBXNativeTarget;
			buildConfigurationList = 028D79FE1C30130B00790A10 /* Build configuration list for PBXNativeTarget "OmnidirectionalImage" */;
			buildPhases = (
				028D79F31C30130B00790A10 /* Sources */,
				028D79F41C30130B00790A10 /* Frameworks */,
				028D79F51C30130B00790A10 /* CopyFiles */,
			);
			buildRules = (
			);
			dependencies = (
			);
			name = OmnidirectionalImage;
			productName = OmnidirectionalImage;
			productReference = 028D79F71C30130B00790A10 /* OmnidirectionalImage */;
			productType = "com.apple.product-type.tool";
		};
		028D7A041C301B9700790A10 /* Rotate */ = {
			isa = PBXNativeTarget;
			buildConfigurationList = 028D7A091C301B9700790A10 /* Build configuration list for PBXNativeTarget "Rotate" */;
			buildPhases = (
				028D7A011C301B9700790A10 /* Sources */,
				028D7A021C301B9700790A10 /* Frameworks */,
				028D7A031C301B9700790A10 /* CopyFiles */,
			);
			buildRules = (
			);
			dependencies = (
			);
			name = Rotate;
			productName = Rotate;
			productReference = 028D7A051C301B9700790A10 /* Rotate */;
			productType = "com.apple.product-type.tool";
		};
/* End PBXNativeTarget section */

/* Begin PBXProject section */
		028D79EF1C30130B00790A10 /* Project object */ = {
			isa = PBXProject;
			attributes = {
				LastUpgradeCheck = 0720;
				ORGANIZATIONNAME = masakazu;
				TargetAttributes = {
					02206DE01C356B0400733203 = {
						CreatedOnToolsVersion = 7.2;
					};
					0245CD5E1C3F848B00FF5E33 = {
						CreatedOnToolsVersion = 7.2;
					};
					0245CD6D1C3F866D00FF5E33 = {
						CreatedOnToolsVersion = 7.2;
					};
					0245CD7C1C41382500FF5E33 = {
						CreatedOnToolsVersion = 7.2;
					};
					0245CD9A1C43DF3700FF5E33 = {
						CreatedOnToolsVersion = 7.2;
					};
					028D79F61C30130B00790A10 = {
						CreatedOnToolsVersion = 7.2;
					};
					028D7A041C301B9700790A10 = {
						CreatedOnToolsVersion = 7.2;
					};
				};
			};
			buildConfigurationList = 028D79F21C30130B00790A10 /* Build configuration list for PBXProject "OmnidirectionalImage" */;
			compatibilityVersion = "Xcode 3.2";
			developmentRegion = English;
			hasScannedForEncodings = 0;
			knownRegions = (
				en,
			);
			mainGroup = 028D79EE1C30130B00790A10;
			productRefGroup = 028D79F81C30130B00790A10 /* Products */;
			projectDirPath = "";
			projectRoot = "";
			targets = (
				028D79F61C30130B00790A10 /* OmnidirectionalImage */,
				028D7A041C301B9700790A10 /* Rotate */,
				02206DE01C356B0400733203 /* Test */,
				0245CD5E1C3F848B00FF5E33 /* RotationTest */,
				0245CD6D1C3F866D00FF5E33 /* WriteVideo */,
				0245CD7C1C41382500FF5E33 /* MatchTest */,
				0245CD9A1C43DF3700FF5E33 /* VideoMatchTest */,
			);
		};
/* End PBXProject section */

/* Begin PBXSourcesBuildPhase section */
		02206DDD1C356B0400733203 /* Sources */ = {
			isa = PBXSourcesBuildPhase;
			buildActionMask = 2147483647;
			files = (
				0245CDAC1C4780D700FF5E33 /* Transform.cpp in Sources */,
				0245CDAB1C4780D200FF5E33 /* Rotate.cpp in Sources */,
				02206DE41C356B0400733203 /* main.cpp in Sources */,
			);
			runOnlyForDeploymentPostprocessing = 0;
		};
		0245CD5B1C3F848B00FF5E33 /* Sources */ = {
			isa = PBXSourcesBuildPhase;
			buildActionMask = 2147483647;
			files = (
				0245CD911C423D9D00FF5E33 /* Transform.cpp in Sources */,
				0245CD661C3F84BE00FF5E33 /* Rotate.cpp in Sources */,
				0245CD621C3F848B00FF5E33 /* main.cpp in Sources */,
			);
			runOnlyForDeploymentPostprocessing = 0;
		};
		0245CD6A1C3F866D00FF5E33 /* Sources */ = {
			isa = PBXSourcesBuildPhase;
			buildActionMask = 2147483647;
			files = (
				0245CDAA1C44DFD700FF5E33 /* Transform.cpp in Sources */,
				0245CD751C3F92E400FF5E33 /* Rotate.cpp in Sources */,
				0245CD711C3F866D00FF5E33 /* main.cpp in Sources */,
			);
			runOnlyForDeploymentPostprocessing = 0;
		};
		0245CD791C41382500FF5E33 /* Sources */ = {
			isa = PBXSourcesBuildPhase;
			buildActionMask = 2147483647;
			files = (
				0245CD901C4235AA00FF5E33 /* Transform.cpp in Sources */,
				0245CD8B1C415BA700FF5E33 /* Rotate.cpp in Sources */,
				0245CD801C41382500FF5E33 /* main.cpp in Sources */,
				0245CD961C43D84100FF5E33 /* Match.cpp in Sources */,
			);
			runOnlyForDeploymentPostprocessing = 0;
		};
		0245CD971C43DF3700FF5E33 /* Sources */ = {
			isa = PBXSourcesBuildPhase;
			buildActionMask = 2147483647;
			files = (
				0245CDA71C43E24200FF5E33 /* Transform.cpp in Sources */,
				0245CDA81C43E24500FF5E33 /* Match.cpp in Sources */,
				0245CDA91C43E24900FF5E33 /* Rotate.cpp in Sources */,
				0245CD9E1C43DF3700FF5E33 /* main.cpp in Sources */,
			);
			runOnlyForDeploymentPostprocessing = 0;
		};
		028D79F31C30130B00790A10 /* Sources */ = {
			isa = PBXSourcesBuildPhase;
			buildActionMask = 2147483647;
			files = (
				0245CD8F1C4233E000FF5E33 /* Transform.cpp in Sources */,
				0245CD951C43B4BC00FF5E33 /* Match.cpp in Sources */,
				028D79FB1C30130B00790A10 /* main.cpp in Sources */,
			);
			runOnlyForDeploymentPostprocessing = 0;
		};
		028D7A011C301B9700790A10 /* Sources */ = {
			isa = PBXSourcesBuildPhase;
			buildActionMask = 2147483647;
			files = (
			);
			runOnlyForDeploymentPostprocessing = 0;
		};
/* End PBXSourcesBuildPhase section */

/* Begin XCBuildConfiguration section */
		02206DE51C356B0400733203 /* Debug */ = {
			isa = XCBuildConfiguration;
			buildSettings = {
				LIBRARY_SEARCH_PATHS = (
					"$(inherited)",
					/usr/local/Cellar/opencv/2.4.12/lib,
				);
				PRODUCT_NAME = "$(TARGET_NAME)";
			};
			name = Debug;
		};
		02206DE61C356B0400733203 /* Release */ = {
			isa = XCBuildConfiguration;
			buildSettings = {
				LIBRARY_SEARCH_PATHS = (
					"$(inherited)",
					/usr/local/Cellar/opencv/2.4.12/lib,
				);
				PRODUCT_NAME = "$(TARGET_NAME)";
			};
			name = Release;
		};
		0245CD641C3F848B00FF5E33 /* Debug */ = {
			isa = XCBuildConfiguration;
			buildSettings = {
				LIBRARY_SEARCH_PATHS = (
					"$(inherited)",
					/usr/local/Cellar/opencv/2.4.12/lib,
					/usr/local/Cellar/opencv/2.4.12_2/lib,
				);
				PRODUCT_NAME = "$(TARGET_NAME)";
			};
			name = Debug;
		};
		0245CD651C3F848B00FF5E33 /* Release */ = {
			isa = XCBuildConfiguration;
			buildSettings = {
				LIBRARY_SEARCH_PATHS = (
					"$(inherited)",
					/usr/local/Cellar/opencv/2.4.12/lib,
					/usr/local/Cellar/opencv/2.4.12_2/lib,
				);
				PRODUCT_NAME = "$(TARGET_NAME)";
			};
			name = Release;
		};
		0245CD731C3F866D00FF5E33 /* Debug */ = {
			isa = XCBuildConfiguration;
			buildSettings = {
				LIBRARY_SEARCH_PATHS = (
					"$(inherited)",
					/usr/local/Cellar/opencv/2.4.12_2/lib,
				);
				PRODUCT_NAME = "$(TARGET_NAME)";
			};
			name = Debug;
		};
		0245CD741C3F866D00FF5E33 /* Release */ = {
			isa = XCBuildConfiguration;
			buildSettings = {
				LIBRARY_SEARCH_PATHS = (
					"$(inherited)",
					/usr/local/Cellar/opencv/2.4.12_2/lib,
				);
				PRODUCT_NAME = "$(TARGET_NAME)";
			};
			name = Release;
		};
		0245CD821C41382500FF5E33 /* Debug */ = {
			isa = XCBuildConfiguration;
			buildSettings = {
				LIBRARY_SEARCH_PATHS = "$(inherited)";
				PRODUCT_NAME = "$(TARGET_NAME)";
			};
			name = Debug;
		};
		0245CD831C41382500FF5E33 /* Release */ = {
			isa = XCBuildConfiguration;
			buildSettings = {
				LIBRARY_SEARCH_PATHS = "$(inherited)";
				PRODUCT_NAME = "$(TARGET_NAME)";
			};
			name = Release;
		};
		0245CDA01C43DF3700FF5E33 /* Debug */ = {
			isa = XCBuildConfiguration;
			buildSettings = {
				LIBRARY_SEARCH_PATHS = (
					"$(inherited)",
					/usr/local/Cellar/opencv/2.4.12/lib,
				);
				PRODUCT_NAME = "$(TARGET_NAME)";
			};
			name = Debug;
		};
		0245CDA11C43DF3700FF5E33 /* Release */ = {
			isa = XCBuildConfiguration;
			buildSettings = {
				LIBRARY_SEARCH_PATHS = (
					"$(inherited)",
					/usr/local/Cellar/opencv/2.4.12/lib,
				);
				PRODUCT_NAME = "$(TARGET_NAME)";
			};
			name = Release;
		};
		028D79FC1C30130B00790A10 /* Debug */ = {
			isa = XCBuildConfiguration;
			buildSettings = {
				ALWAYS_SEARCH_USER_PATHS = NO;
				CLANG_CXX_LANGUAGE_STANDARD = "gnu++0x";
				CLANG_CXX_LIBRARY = "libc++";
				CLANG_ENABLE_MODULES = YES;
				CLANG_ENABLE_OBJC_ARC = YES;
				CLANG_WARN_BOOL_CONVERSION = YES;
				CLANG_WARN_CONSTANT_CONVERSION = YES;
				CLANG_WARN_DIRECT_OBJC_ISA_USAGE = YES_ERROR;
				CLANG_WARN_EMPTY_BODY = YES;
				CLANG_WARN_ENUM_CONVERSION = YES;
				CLANG_WARN_INT_CONVERSION = YES;
				CLANG_WARN_OBJC_ROOT_CLASS = YES_ERROR;
				CLANG_WARN_UNREACHABLE_CODE = YES;
				CLANG_WARN__DUPLICATE_METHOD_MATCH = YES;
				CODE_SIGN_IDENTITY = "-";
				COPY_PHASE_STRIP = NO;
				DEBUG_INFORMATION_FORMAT = dwarf;
				ENABLE_STRICT_OBJC_MSGSEND = YES;
				ENABLE_TESTABILITY = YES;
				GCC_C_LANGUAGE_STANDARD = gnu99;
				GCC_DYNAMIC_NO_PIC = NO;
				GCC_NO_COMMON_BLOCKS = YES;
				GCC_OPTIMIZATION_LEVEL = 0;
				GCC_PREPROCESSOR_DEFINITIONS = (
					"DEBUG=1",
					"$(inherited)",
				);
				GCC_WARN_64_TO_32_BIT_CONVERSION = YES;
				GCC_WARN_ABOUT_RETURN_TYPE = YES_ERROR;
				GCC_WARN_UNDECLARED_SELECTOR = YES;
				GCC_WARN_UNINITIALIZED_AUTOS = YES_AGGRESSIVE;
				GCC_WARN_UNUSED_FUNCTION = YES;
				GCC_WARN_UNUSED_VARIABLE = YES;
				HEADER_SEARCH_PATHS = /usr/local/Cellar/opencv/2.4.12_2/include;
				LIBRARY_SEARCH_PATHS = /usr/local/Cellar/opencv/2.4.12_2/lib;
				MACOSX_DEPLOYMENT_TARGET = 10.10;
				MTL_ENABLE_DEBUG_INFO = YES;
				ONLY_ACTIVE_ARCH = YES;
				SDKROOT = macosx;
			};
			name = Debug;
		};
		028D79FD1C30130B00790A10 /* Release */ = {
			isa = XCBuildConfiguration;
			buildSettings = {
				ALWAYS_SEARCH_USER_PATHS = NO;
				CLANG_CXX_LANGUAGE_STANDARD = "gnu++0x";
				CLANG_CXX_LIBRARY = "libc++";
				CLANG_ENABLE_MODULES = YES;
				CLANG_ENABLE_OBJC_ARC = YES;
				CLANG_WARN_BOOL_CONVERSION = YES;
				CLANG_WARN_CONSTANT_CONVERSION = YES;
				CLANG_WARN_DIRECT_OBJC_ISA_USAGE = YES_ERROR;
				CLANG_WARN_EMPTY_BODY = YES;
				CLANG_WARN_ENUM_CONVERSION = YES;
				CLANG_WARN_INT_CONVERSION = YES;
				CLANG_WARN_OBJC_ROOT_CLASS = YES_ERROR;
				CLANG_WARN_UNREACHABLE_CODE = YES;
				CLANG_WARN__DUPLICATE_METHOD_MATCH = YES;
				CODE_SIGN_IDENTITY = "-";
				COPY_PHASE_STRIP = NO;
				DEBUG_INFORMATION_FORMAT = "dwarf-with-dsym";
				ENABLE_NS_ASSERTIONS = NO;
				ENABLE_STRICT_OBJC_MSGSEND = YES;
				GCC_C_LANGUAGE_STANDARD = gnu99;
				GCC_NO_COMMON_BLOCKS = YES;
				GCC_WARN_64_TO_32_BIT_CONVERSION = YES;
				GCC_WARN_ABOUT_RETURN_TYPE = YES_ERROR;
				GCC_WARN_UNDECLARED_SELECTOR = YES;
				GCC_WARN_UNINITIALIZED_AUTOS = YES_AGGRESSIVE;
				GCC_WARN_UNUSED_FUNCTION = YES;
				GCC_WARN_UNUSED_VARIABLE = YES;
				HEADER_SEARCH_PATHS = /usr/local/Cellar/opencv/2.4.12_2/include;
				LIBRARY_SEARCH_PATHS = /usr/local/Cellar/opencv/2.4.12_2/lib;
				MACOSX_DEPLOYMENT_TARGET = 10.10;
				MTL_ENABLE_DEBUG_INFO = NO;
				SDKROOT = macosx;
			};
			name = Release;
		};
		028D79FF1C30130B00790A10 /* Debug */ = {
			isa = XCBuildConfiguration;
			buildSettings = {
				PRODUCT_NAME = "$(TARGET_NAME)";
			};
			name = Debug;
		};
		028D7A001C30130B00790A10 /* Release */ = {
			isa = XCBuildConfiguration;
			buildSettings = {
				PRODUCT_NAME = "$(TARGET_NAME)";
			};
			name = Release;
		};
		028D7A0A1C301B9700790A10 /* Debug */ = {
			isa = XCBuildConfiguration;
			buildSettings = {
				HEADER_SEARCH_PATHS = /usr/local/Cellar/opencv/2.4.12/include;
				LIBRARY_SEARCH_PATHS = /usr/local/Cellar/opencv/2.4.12/lib;
				PRODUCT_NAME = "$(TARGET_NAME)";
			};
			name = Debug;
		};
		028D7A0B1C301B9700790A10 /* Release */ = {
			isa = XCBuildConfiguration;
			buildSettings = {
				HEADER_SEARCH_PATHS = /usr/local/Cellar/opencv/2.4.12/include;
				LIBRARY_SEARCH_PATHS = /usr/local/Cellar/opencv/2.4.12/lib;
				PRODUCT_NAME = "$(TARGET_NAME)";
			};
			name = Release;
		};
/* End XCBuildConfiguration section */

/* Begin XCConfigurationList section */
		02206DE71C356B0400733203 /* Build configuration list for PBXNativeTarget "Test" */ = {
			isa = XCConfigurationList;
			buildConfigurations = (
				02206DE51C356B0400733203 /* Debug */,
				02206DE61C356B0400733203 /* Release */,
			);
			defaultConfigurationIsVisible = 0;
			defaultConfigurationName = Release;
		};
		0245CD631C3F848B00FF5E33 /* Build configuration list for PBXNativeTarget "RotationTest" */ = {
			isa = XCConfigurationList;
			buildConfigurations = (
				0245CD641C3F848B00FF5E33 /* Debug */,
				0245CD651C3F848B00FF5E33 /* Release */,
			);
			defaultConfigurationIsVisible = 0;
			defaultConfigurationName = Release;
		};
		0245CD721C3F866D00FF5E33 /* Build configuration list for PBXNativeTarget "WriteVideo" */ = {
			isa = XCConfigurationList;
			buildConfigurations = (
				0245CD731C3F866D00FF5E33 /* Debug */,
				0245CD741C3F866D00FF5E33 /* Release */,
			);
			defaultConfigurationIsVisible = 0;
			defaultConfigurationName = Release;
		};
		0245CD811C41382500FF5E33 /* Build configuration list for PBXNativeTarget "MatchTest" */ = {
			isa = XCConfigurationList;
			buildConfigurations = (
				0245CD821C41382500FF5E33 /* Debug */,
				0245CD831C41382500FF5E33 /* Release */,
			);
			defaultConfigurationIsVisible = 0;
			defaultConfigurationName = Release;
		};
		0245CD9F1C43DF3700FF5E33 /* Build configuration list for PBXNativeTarget "VideoMatchTest" */ = {
			isa = XCConfigurationList;
			buildConfigurations = (
				0245CDA01C43DF3700FF5E33 /* Debug */,
				0245CDA11C43DF3700FF5E33 /* Release */,
			);
			defaultConfigurationIsVisible = 0;
			defaultConfigurationName = Release;
		};
		028D79F21C30130B00790A10 /* Build configuration list for PBXProject "OmnidirectionalImage" */ = {
			isa = XCConfigurationList;
			buildConfigurations = (
				028D79FC1C30130B00790A10 /* Debug */,
				028D79FD1C30130B00790A10 /* Release */,
			);
			defaultConfigurationIsVisible = 0;
			defaultConfigurationName = Release;
		};
		028D79FE1C30130B00790A10 /* Build configuration list for PBXNativeTarget "OmnidirectionalImage" */ = {
			isa = XCConfigurationList;
			buildConfigurations = (
				028D79FF1C30130B00790A10 /* Debug */,
				028D7A001C30130B00790A10 /* Release */,
			);
			defaultConfigurationIsVisible = 0;
			defaultConfigurationName = Release;
		};
		028D7A091C301B9700790A10 /* Build configuration list for PBXNativeTarget "Rotate" */ = {
			isa = XCConfigurationList;
			buildConfigurations = (
				028D7A0A1C301B9700790A10 /* Debug */,
				028D7A0B1C301B9700790A10 /* Release */,
			);
			defaultConfigurationIsVisible = 0;
			defaultConfigurationName = Release;
		};
/* End XCConfigurationList section */
	};
	rootObject = 028D79EF1C30130B00790A10 /* Project object */;
}
