// !$*UTF8*$!
{
	archiveVersion = 1;
	classes = {
	};
	objectVersion = 46;
	objects = {

/* Begin PBXBuildFile section */
		020D72FF1D2A4ADA00BC61BD /* main.cpp in Sources */ = {isa = PBXBuildFile; fileRef = 020D72FE1D2A4ADA00BC61BD /* main.cpp */; };
		020D73031D2A4D3F00BC61BD /* VideoReader.cpp in Sources */ = {isa = PBXBuildFile; fileRef = 02C57BE91D0FB0D100F428F2 /* VideoReader.cpp */; };
		020D730B1D2A642D00BC61BD /* Rotation.cpp in Sources */ = {isa = PBXBuildFile; fileRef = 020D73071D2A62E800BC61BD /* Rotation.cpp */; };
		0220D4BF1D3F674000AB134C /* Rotation.cpp in Sources */ = {isa = PBXBuildFile; fileRef = 020D73071D2A62E800BC61BD /* Rotation.cpp */; };
		0220D4C01D3F674200AB134C /* ExtractFeaturePoint.cpp in Sources */ = {isa = PBXBuildFile; fileRef = 02E4371C1CF845D7007C3605 /* ExtractFeaturePoint.cpp */; };
		0220D4C11D3F674500AB134C /* MatchFeaturePoint.cpp in Sources */ = {isa = PBXBuildFile; fileRef = 02E437131CF84303007C3605 /* MatchFeaturePoint.cpp */; };
		0220D4C41D3F68CE00AB134C /* VideoReader.cpp in Sources */ = {isa = PBXBuildFile; fileRef = 02C57BE91D0FB0D100F428F2 /* VideoReader.cpp */; };
		0220D4C51D3F68D100AB134C /* VideoWriter.cpp in Sources */ = {isa = PBXBuildFile; fileRef = 02C57BEE1D0FDED300F428F2 /* VideoWriter.cpp */; };
		0221B5451DBDE83400E59B7E /* Perspective.cpp in Sources */ = {isa = PBXBuildFile; fileRef = 02513F9B1D363C9800089959 /* Perspective.cpp */; };
		0221B5461DBE004C00E59B7E /* Range.cpp in Sources */ = {isa = PBXBuildFile; fileRef = 025ADB831DB4B09A00DCE366 /* Range.cpp */; };
		0225C93D1D00071B00356EA6 /* main.cpp in Sources */ = {isa = PBXBuildFile; fileRef = 0225C93C1D00071B00356EA6 /* main.cpp */; };
		0229F99A1D393CE20026000C /* ExtractFeaturePoint.cpp in Sources */ = {isa = PBXBuildFile; fileRef = 02E4371C1CF845D7007C3605 /* ExtractFeaturePoint.cpp */; };
		022BA2671DD1ABD90015C380 /* Core.cpp in Sources */ = {isa = PBXBuildFile; fileRef = 022BA2651DD1ABD90015C380 /* Core.cpp */; };
		022BA26B1DD5BC610015C380 /* IMU.cpp in Sources */ = {isa = PBXBuildFile; fileRef = 022BA2691DD5BC610015C380 /* IMU.cpp */; };
		024307101D7560300031EFAD /* main.cpp in Sources */ = {isa = PBXBuildFile; fileRef = 0243070F1D7560300031EFAD /* main.cpp */; };
		0245CD801C41382500FF5E33 /* main.cpp in Sources */ = {isa = PBXBuildFile; fileRef = 0245CD7F1C41382500FF5E33 /* main.cpp */; };
		0245CD901C4235AA00FF5E33 /* Transform.cpp in Sources */ = {isa = PBXBuildFile; fileRef = 0245CD8D1C4233E000FF5E33 /* Transform.cpp */; };
		0245CDA71C43E24200FF5E33 /* Transform.cpp in Sources */ = {isa = PBXBuildFile; fileRef = 0245CD8D1C4233E000FF5E33 /* Transform.cpp */; };
		02513FA61D36648900089959 /* main.cpp in Sources */ = {isa = PBXBuildFile; fileRef = 02513FA51D36648900089959 /* main.cpp */; };
		02513FAA1D366BCA00089959 /* Perspective.cpp in Sources */ = {isa = PBXBuildFile; fileRef = 02513F9B1D363C9800089959 /* Perspective.cpp */; };
		02513FAB1D366BD100089959 /* Transform.cpp in Sources */ = {isa = PBXBuildFile; fileRef = 0245CD8D1C4233E000FF5E33 /* Transform.cpp */; };
		025ADB791DAE141F00DCE366 /* Rotation.cpp in Sources */ = {isa = PBXBuildFile; fileRef = 020D73071D2A62E800BC61BD /* Rotation.cpp */; };
		025ADB7A1DAE143500DCE366 /* Quaternion.cpp in Sources */ = {isa = PBXBuildFile; fileRef = 02D6D9A11D8189B900862E8F /* Quaternion.cpp */; };
		025ADB7C1DB2548E00DCE366 /* Rotation.cpp in Sources */ = {isa = PBXBuildFile; fileRef = 020D73071D2A62E800BC61BD /* Rotation.cpp */; };
		025ADB7D1DB2549E00DCE366 /* Quaternion.cpp in Sources */ = {isa = PBXBuildFile; fileRef = 02D6D9A11D8189B900862E8F /* Quaternion.cpp */; };
		025ADB7F1DB256FE00DCE366 /* Rotation.cpp in Sources */ = {isa = PBXBuildFile; fileRef = 020D73071D2A62E800BC61BD /* Rotation.cpp */; };
		025ADB801DB2570200DCE366 /* Quaternion.cpp in Sources */ = {isa = PBXBuildFile; fileRef = 02D6D9A11D8189B900862E8F /* Quaternion.cpp */; };
		025ADB821DB26BC000DCE366 /* MatchFeaturePoint.cpp in Sources */ = {isa = PBXBuildFile; fileRef = 02E437131CF84303007C3605 /* MatchFeaturePoint.cpp */; };
		025ADB851DB4B09A00DCE366 /* Range.cpp in Sources */ = {isa = PBXBuildFile; fileRef = 025ADB831DB4B09A00DCE366 /* Range.cpp */; };
		025ADB871DB7621E00DCE366 /* Rotation.cpp in Sources */ = {isa = PBXBuildFile; fileRef = 020D73071D2A62E800BC61BD /* Rotation.cpp */; };
		025ADB881DB7622700DCE366 /* Quaternion.cpp in Sources */ = {isa = PBXBuildFile; fileRef = 02D6D9A11D8189B900862E8F /* Quaternion.cpp */; };
		025ADB9B1DB9FF7F00DCE366 /* main.cpp in Sources */ = {isa = PBXBuildFile; fileRef = 025ADB9A1DB9FF7F00DCE366 /* main.cpp */; };
		025ADBA01DBA011800DCE366 /* Perspective.cpp in Sources */ = {isa = PBXBuildFile; fileRef = 02513F9B1D363C9800089959 /* Perspective.cpp */; };
		025ADBA11DBA012200DCE366 /* Transform.cpp in Sources */ = {isa = PBXBuildFile; fileRef = 0245CD8D1C4233E000FF5E33 /* Transform.cpp */; };
		0262BA061D782418009FE5F9 /* main.cpp in Sources */ = {isa = PBXBuildFile; fileRef = 0245CD9D1C43DF3700FF5E33 /* main.cpp */; };
		02648EAE1CF8058A00E4E948 /* main.cpp in Sources */ = {isa = PBXBuildFile; fileRef = 02648EAD1CF8058A00E4E948 /* main.cpp */; };
		02648EB21CF807E800E4E948 /* Transform.cpp in Sources */ = {isa = PBXBuildFile; fileRef = 0245CD8D1C4233E000FF5E33 /* Transform.cpp */; };
		026516AB1D2F7FF4004C7838 /* main.cpp in Sources */ = {isa = PBXBuildFile; fileRef = 026516AA1D2F7FF4004C7838 /* main.cpp */; };
		026516AF1D2F827E004C7838 /* ExtractFeaturePoint.cpp in Sources */ = {isa = PBXBuildFile; fileRef = 02E4371C1CF845D7007C3605 /* ExtractFeaturePoint.cpp */; };
		026516B01D2F8282004C7838 /* Transform.cpp in Sources */ = {isa = PBXBuildFile; fileRef = 0245CD8D1C4233E000FF5E33 /* Transform.cpp */; };
		0268916F1DC71E3E00BAA626 /* Perspective.cpp in Sources */ = {isa = PBXBuildFile; fileRef = 02513F9B1D363C9800089959 /* Perspective.cpp */; };
		026891701DC71E4200BAA626 /* CalcOpticalFlow.cpp in Sources */ = {isa = PBXBuildFile; fileRef = 02A9B6FF1DC23E8200D4A0E7 /* CalcOpticalFlow.cpp */; };
		026891711DC71E4900BAA626 /* OpticalFlowEstimator.cpp in Sources */ = {isa = PBXBuildFile; fileRef = 02A9B6FB1DC232AA00D4A0E7 /* OpticalFlowEstimator.cpp */; };
		026891721DC71E4C00BAA626 /* FeatureMatchEstimator.cpp in Sources */ = {isa = PBXBuildFile; fileRef = 02A9B6F01DC1CCBE00D4A0E7 /* FeatureMatchEstimator.cpp */; };
		026891731DC71E4F00BAA626 /* Estimator.cpp in Sources */ = {isa = PBXBuildFile; fileRef = 02A9B6ED1DC1CBFA00D4A0E7 /* Estimator.cpp */; };
		026891741DC71E5400BAA626 /* Epipolar.cpp in Sources */ = {isa = PBXBuildFile; fileRef = 02A9B6F81DC2004B00D4A0E7 /* Epipolar.cpp */; };
		026891751DC71E5700BAA626 /* MainProcess.cpp in Sources */ = {isa = PBXBuildFile; fileRef = 02A9B6F51DC1EEB000D4A0E7 /* MainProcess.cpp */; };
		026891761DC71E6400BAA626 /* libopencv_core.dylib in Frameworks */ = {isa = PBXBuildFile; fileRef = 02A9B6D11DC0C5BC00D4A0E7 /* libopencv_core.dylib */; };
		026891771DC71E6700BAA626 /* libopencv_highgui.dylib in Frameworks */ = {isa = PBXBuildFile; fileRef = 02A9B6D31DC0C5D300D4A0E7 /* libopencv_highgui.dylib */; };
		026891781DC71E6A00BAA626 /* libopencv_imgcodecs.dylib in Frameworks */ = {isa = PBXBuildFile; fileRef = 02A9B6D51DC0C5E000D4A0E7 /* libopencv_imgcodecs.dylib */; };
		026891791DC71E6D00BAA626 /* libopencv_imgproc.dylib in Frameworks */ = {isa = PBXBuildFile; fileRef = 02A9B6D71DC0C5EB00D4A0E7 /* libopencv_imgproc.dylib */; };
		0268917A1DC71E7000BAA626 /* libopencv_features2d.dylib in Frameworks */ = {isa = PBXBuildFile; fileRef = 02A9B6D91DC0C5F800D4A0E7 /* libopencv_features2d.dylib */; };
		0268917B1DC71E7200BAA626 /* libopencv_xfeatures2d.dylib in Frameworks */ = {isa = PBXBuildFile; fileRef = 02A9B6DB1DC0C60D00D4A0E7 /* libopencv_xfeatures2d.dylib */; };
		0268917C1DC71E7600BAA626 /* libopencv_calib3d.dylib in Frameworks */ = {isa = PBXBuildFile; fileRef = 02A9B6DD1DC0C61C00D4A0E7 /* libopencv_calib3d.dylib */; };
		0268917D1DC71E7A00BAA626 /* libopencv_tracking.dylib in Frameworks */ = {isa = PBXBuildFile; fileRef = 02A9B6E31DC0C65400D4A0E7 /* libopencv_tracking.dylib */; };
		0268917E1DC71E8D00BAA626 /* libopencv_videoio.dylib in Frameworks */ = {isa = PBXBuildFile; fileRef = 02A9B6E11DC0C64500D4A0E7 /* libopencv_videoio.dylib */; };
		0268917F1DC71E9D00BAA626 /* libopencv_video.dylib in Frameworks */ = {isa = PBXBuildFile; fileRef = 02A9B6DF1DC0C63200D4A0E7 /* libopencv_video.dylib */; };
		026B3EB51CA1ABF4008B59CD /* main.cpp in Sources */ = {isa = PBXBuildFile; fileRef = 026B3EB41CA1ABF4008B59CD /* main.cpp */; };
		027572861DB51D8800AC36A3 /* Range.cpp in Sources */ = {isa = PBXBuildFile; fileRef = 025ADB831DB4B09A00DCE366 /* Range.cpp */; };
		027572871DB51D8900AC36A3 /* Range.cpp in Sources */ = {isa = PBXBuildFile; fileRef = 025ADB831DB4B09A00DCE366 /* Range.cpp */; };
		0276EF461D016FB30013ADF4 /* Transform.cpp in Sources */ = {isa = PBXBuildFile; fileRef = 0245CD8D1C4233E000FF5E33 /* Transform.cpp */; };
		027F38821D5B0EDB0012DA39 /* main.cpp in Sources */ = {isa = PBXBuildFile; fileRef = 027F38811D5B0EDB0012DA39 /* main.cpp */; };
		027F388A1D5B0F830012DA39 /* Transform.cpp in Sources */ = {isa = PBXBuildFile; fileRef = 0245CD8D1C4233E000FF5E33 /* Transform.cpp */; };
		027F388C1D5B0F8B0012DA39 /* VideoWriter.cpp in Sources */ = {isa = PBXBuildFile; fileRef = 02C57BEE1D0FDED300F428F2 /* VideoWriter.cpp */; };
		027F388D1D5B0F8E0012DA39 /* VideoReader.cpp in Sources */ = {isa = PBXBuildFile; fileRef = 02C57BE91D0FB0D100F428F2 /* VideoReader.cpp */; };
		0287FC241D787B7200E4FE99 /* main.cpp in Sources */ = {isa = PBXBuildFile; fileRef = 0287FC231D787B7200E4FE99 /* main.cpp */; };
		0287FC281D787E0F00E4FE99 /* Transform.cpp in Sources */ = {isa = PBXBuildFile; fileRef = 0245CD8D1C4233E000FF5E33 /* Transform.cpp */; };
		029994151C72A9CB00792144 /* main.cpp in Sources */ = {isa = PBXBuildFile; fileRef = 029994141C72A9CB00792144 /* main.cpp */; };
		02A318F11D7568BF001B748D /* Rotation.cpp in Sources */ = {isa = PBXBuildFile; fileRef = 020D73071D2A62E800BC61BD /* Rotation.cpp */; };
		02A318F21D7568C6001B748D /* Transform.cpp in Sources */ = {isa = PBXBuildFile; fileRef = 0245CD8D1C4233E000FF5E33 /* Transform.cpp */; };
		02A9B6D21DC0C5BC00D4A0E7 /* libopencv_core.dylib in Frameworks */ = {isa = PBXBuildFile; fileRef = 02A9B6D11DC0C5BC00D4A0E7 /* libopencv_core.dylib */; };
		02A9B6D41DC0C5D300D4A0E7 /* libopencv_highgui.dylib in Frameworks */ = {isa = PBXBuildFile; fileRef = 02A9B6D31DC0C5D300D4A0E7 /* libopencv_highgui.dylib */; };
		02A9B6D61DC0C5E000D4A0E7 /* libopencv_imgcodecs.dylib in Frameworks */ = {isa = PBXBuildFile; fileRef = 02A9B6D51DC0C5E000D4A0E7 /* libopencv_imgcodecs.dylib */; };
		02A9B6D81DC0C5EB00D4A0E7 /* libopencv_imgproc.dylib in Frameworks */ = {isa = PBXBuildFile; fileRef = 02A9B6D71DC0C5EB00D4A0E7 /* libopencv_imgproc.dylib */; };
		02A9B6DA1DC0C5F800D4A0E7 /* libopencv_features2d.dylib in Frameworks */ = {isa = PBXBuildFile; fileRef = 02A9B6D91DC0C5F800D4A0E7 /* libopencv_features2d.dylib */; };
		02A9B6DC1DC0C60D00D4A0E7 /* libopencv_xfeatures2d.dylib in Frameworks */ = {isa = PBXBuildFile; fileRef = 02A9B6DB1DC0C60D00D4A0E7 /* libopencv_xfeatures2d.dylib */; };
		02A9B6DE1DC0C61C00D4A0E7 /* libopencv_calib3d.dylib in Frameworks */ = {isa = PBXBuildFile; fileRef = 02A9B6DD1DC0C61C00D4A0E7 /* libopencv_calib3d.dylib */; };
		02A9B6E01DC0C63200D4A0E7 /* libopencv_video.dylib in Frameworks */ = {isa = PBXBuildFile; fileRef = 02A9B6DF1DC0C63200D4A0E7 /* libopencv_video.dylib */; };
		02A9B6E21DC0C64500D4A0E7 /* libopencv_videoio.dylib in Frameworks */ = {isa = PBXBuildFile; fileRef = 02A9B6E11DC0C64500D4A0E7 /* libopencv_videoio.dylib */; };
		02A9B6E41DC0C65400D4A0E7 /* libopencv_tracking.dylib in Frameworks */ = {isa = PBXBuildFile; fileRef = 02A9B6E31DC0C65400D4A0E7 /* libopencv_tracking.dylib */; };
		02A9B6EF1DC1CBFA00D4A0E7 /* Estimator.cpp in Sources */ = {isa = PBXBuildFile; fileRef = 02A9B6ED1DC1CBFA00D4A0E7 /* Estimator.cpp */; };
		02A9B6F21DC1CCBE00D4A0E7 /* FeatureMatchEstimator.cpp in Sources */ = {isa = PBXBuildFile; fileRef = 02A9B6F01DC1CCBE00D4A0E7 /* FeatureMatchEstimator.cpp */; };
		02A9B6F71DC1EEB000D4A0E7 /* MainProcess.cpp in Sources */ = {isa = PBXBuildFile; fileRef = 02A9B6F51DC1EEB000D4A0E7 /* MainProcess.cpp */; };
		02A9B6FA1DC2004B00D4A0E7 /* Epipolar.cpp in Sources */ = {isa = PBXBuildFile; fileRef = 02A9B6F81DC2004B00D4A0E7 /* Epipolar.cpp */; };
		02A9B6FD1DC232AA00D4A0E7 /* OpticalFlowEstimator.cpp in Sources */ = {isa = PBXBuildFile; fileRef = 02A9B6FB1DC232AA00D4A0E7 /* OpticalFlowEstimator.cpp */; };
		02A9B7011DC23E8200D4A0E7 /* CalcOpticalFlow.cpp in Sources */ = {isa = PBXBuildFile; fileRef = 02A9B6FF1DC23E8200D4A0E7 /* CalcOpticalFlow.cpp */; };
		02B8D5F51CA7D92F00A736DB /* InputGyro.cpp in Sources */ = {isa = PBXBuildFile; fileRef = 020FE6C71CA6DA6E00A650CE /* InputGyro.cpp */; };
		02C57BEC1D0FB9A300F428F2 /* VideoReader.cpp in Sources */ = {isa = PBXBuildFile; fileRef = 02C57BE91D0FB0D100F428F2 /* VideoReader.cpp */; };
		02C57BF11D10402A00F428F2 /* VideoWriter.cpp in Sources */ = {isa = PBXBuildFile; fileRef = 02C57BEE1D0FDED300F428F2 /* VideoWriter.cpp */; };
		02C768851D17E7D80069E8C3 /* VideoReader.cpp in Sources */ = {isa = PBXBuildFile; fileRef = 02C57BE91D0FB0D100F428F2 /* VideoReader.cpp */; };
		02C768861D17E7DB0069E8C3 /* VideoWriter.cpp in Sources */ = {isa = PBXBuildFile; fileRef = 02C57BEE1D0FDED300F428F2 /* VideoWriter.cpp */; };
		02C768881D17E7F00069E8C3 /* MatchFeaturePoint.cpp in Sources */ = {isa = PBXBuildFile; fileRef = 02E437131CF84303007C3605 /* MatchFeaturePoint.cpp */; };
		02C768891D17E7F40069E8C3 /* ExtractFeaturePoint.cpp in Sources */ = {isa = PBXBuildFile; fileRef = 02E4371C1CF845D7007C3605 /* ExtractFeaturePoint.cpp */; };
		02CB50D01D98122A0000BCFD /* Rotation.cpp in Sources */ = {isa = PBXBuildFile; fileRef = 020D73071D2A62E800BC61BD /* Rotation.cpp */; };
		02CB50D11D98123F0000BCFD /* Quaternion.cpp in Sources */ = {isa = PBXBuildFile; fileRef = 02D6D9A11D8189B900862E8F /* Quaternion.cpp */; };
		02D6D9A31D8189B900862E8F /* Quaternion.cpp in Sources */ = {isa = PBXBuildFile; fileRef = 02D6D9A11D8189B900862E8F /* Quaternion.cpp */; };
		02D6D9A41D8189B900862E8F /* Quaternion.cpp in Sources */ = {isa = PBXBuildFile; fileRef = 02D6D9A11D8189B900862E8F /* Quaternion.cpp */; };
		02E437161CF84303007C3605 /* MatchFeaturePoint.cpp in Sources */ = {isa = PBXBuildFile; fileRef = 02E437131CF84303007C3605 /* MatchFeaturePoint.cpp */; };
		02E4371D1CF845D7007C3605 /* ExtractFeaturePoint.cpp in Sources */ = {isa = PBXBuildFile; fileRef = 02E4371C1CF845D7007C3605 /* ExtractFeaturePoint.cpp */; };
/* End PBXBuildFile section */

/* Begin PBXCopyFilesBuildPhase section */
		020D72FA1D2A4ADA00BC61BD /* CopyFiles */ = {
			isa = PBXCopyFilesBuildPhase;
			buildActionMask = 2147483647;
			dstPath = /usr/share/man/man1/;
			dstSubfolderSpec = 0;
			files = (
			);
			runOnlyForDeploymentPostprocessing = 1;
		};
		0225C9381D00071B00356EA6 /* CopyFiles */ = {
			isa = PBXCopyFilesBuildPhase;
			buildActionMask = 2147483647;
			dstPath = /usr/share/man/man1/;
			dstSubfolderSpec = 0;
			files = (
			);
			runOnlyForDeploymentPostprocessing = 1;
		};
		0243070B1D7560300031EFAD /* CopyFiles */ = {
			isa = PBXCopyFilesBuildPhase;
			buildActionMask = 2147483647;
			dstPath = /usr/share/man/man1/;
			dstSubfolderSpec = 0;
			files = (
			);
			runOnlyForDeploymentPostprocessing = 1;
		};
		0245CD7B1C41382500FF5E33 /* CopyFiles */ = {
			isa = PBXCopyFilesBuildPhase;
			buildActionMask = 2147483647;
			dstPath = /usr/share/man/man1/;
			dstSubfolderSpec = 0;
			files = (
			);
			runOnlyForDeploymentPostprocessing = 1;
		};
		0245CD991C43DF3700FF5E33 /* CopyFiles */ = {
			isa = PBXCopyFilesBuildPhase;
			buildActionMask = 2147483647;
			dstPath = /usr/share/man/man1/;
			dstSubfolderSpec = 0;
			files = (
			);
			runOnlyForDeploymentPostprocessing = 1;
		};
		02513FA11D36648900089959 /* CopyFiles */ = {
			isa = PBXCopyFilesBuildPhase;
			buildActionMask = 2147483647;
			dstPath = /usr/share/man/man1/;
			dstSubfolderSpec = 0;
			files = (
			);
			runOnlyForDeploymentPostprocessing = 1;
		};
		025ADB961DB9FF7F00DCE366 /* CopyFiles */ = {
			isa = PBXCopyFilesBuildPhase;
			buildActionMask = 2147483647;
			dstPath = /usr/share/man/man1/;
			dstSubfolderSpec = 0;
			files = (
			);
			runOnlyForDeploymentPostprocessing = 1;
		};
		02648EA91CF8058A00E4E948 /* CopyFiles */ = {
			isa = PBXCopyFilesBuildPhase;
			buildActionMask = 2147483647;
			dstPath = /usr/share/man/man1/;
			dstSubfolderSpec = 0;
			files = (
			);
			runOnlyForDeploymentPostprocessing = 1;
		};
		026516A61D2F7FF4004C7838 /* CopyFiles */ = {
			isa = PBXCopyFilesBuildPhase;
			buildActionMask = 2147483647;
			dstPath = /usr/share/man/man1/;
			dstSubfolderSpec = 0;
			files = (
			);
			runOnlyForDeploymentPostprocessing = 1;
		};
		026B3EB01CA1ABF4008B59CD /* CopyFiles */ = {
			isa = PBXCopyFilesBuildPhase;
			buildActionMask = 2147483647;
			dstPath = /usr/share/man/man1/;
			dstSubfolderSpec = 0;
			files = (
			);
			runOnlyForDeploymentPostprocessing = 1;
		};
		027F387D1D5B0EDB0012DA39 /* CopyFiles */ = {
			isa = PBXCopyFilesBuildPhase;
			buildActionMask = 2147483647;
			dstPath = /usr/share/man/man1/;
			dstSubfolderSpec = 0;
			files = (
			);
			runOnlyForDeploymentPostprocessing = 1;
		};
		0287FC1F1D787B7200E4FE99 /* CopyFiles */ = {
			isa = PBXCopyFilesBuildPhase;
			buildActionMask = 2147483647;
			dstPath = /usr/share/man/man1/;
			dstSubfolderSpec = 0;
			files = (
			);
			runOnlyForDeploymentPostprocessing = 1;
		};
		029994101C72A9CB00792144 /* CopyFiles */ = {
			isa = PBXCopyFilesBuildPhase;
			buildActionMask = 2147483647;
			dstPath = /usr/share/man/man1/;
			dstSubfolderSpec = 0;
			files = (
			);
			runOnlyForDeploymentPostprocessing = 1;
		};
/* End PBXCopyFilesBuildPhase section */

/* Begin PBXFileReference section */
		020D72FC1D2A4ADA00BC61BD /* ExtractFrame */ = {isa = PBXFileReference; explicitFileType = "compiled.mach-o.executable"; includeInIndex = 0; path = ExtractFrame; sourceTree = BUILT_PRODUCTS_DIR; };
		020D72FE1D2A4ADA00BC61BD /* main.cpp */ = {isa = PBXFileReference; lastKnownFileType = sourcecode.cpp.cpp; path = main.cpp; sourceTree = "<group>"; };
		020D73071D2A62E800BC61BD /* Rotation.cpp */ = {isa = PBXFileReference; fileEncoding = 4; lastKnownFileType = sourcecode.cpp.cpp; name = Rotation.cpp; path = Rotation/Rotation.cpp; sourceTree = "<group>"; };
		020D73081D2A62E800BC61BD /* Rotation.hpp */ = {isa = PBXFileReference; fileEncoding = 4; lastKnownFileType = sourcecode.cpp.h; name = Rotation.hpp; path = Rotation/Rotation.hpp; sourceTree = "<group>"; };
		020FE6C71CA6DA6E00A650CE /* InputGyro.cpp */ = {isa = PBXFileReference; fileEncoding = 4; lastKnownFileType = sourcecode.cpp.cpp; name = InputGyro.cpp; path = InputGyro/InputGyro.cpp; sourceTree = "<group>"; };
		020FE6C81CA6DA6E00A650CE /* InputGyro.hpp */ = {isa = PBXFileReference; fileEncoding = 4; lastKnownFileType = sourcecode.cpp.h; name = InputGyro.hpp; path = InputGyro/InputGyro.hpp; sourceTree = "<group>"; };
		0225C93A1D00071B00356EA6 /* AffineTest */ = {isa = PBXFileReference; explicitFileType = "compiled.mach-o.executable"; includeInIndex = 0; path = AffineTest; sourceTree = BUILT_PRODUCTS_DIR; };
		0225C93C1D00071B00356EA6 /* main.cpp */ = {isa = PBXFileReference; lastKnownFileType = sourcecode.cpp.cpp; path = main.cpp; sourceTree = "<group>"; };
		022AE82F1D6C7AC000900F28 /* libiomp5.dylib */ = {isa = PBXFileReference; lastKnownFileType = "compiled.mach-o.dylib"; name = libiomp5.dylib; path = ../../../../../../../usr/local/lib/libiomp5.dylib; sourceTree = "<group>"; };
		022BA2651DD1ABD90015C380 /* Core.cpp */ = {isa = PBXFileReference; fileEncoding = 4; lastKnownFileType = sourcecode.cpp.cpp; name = Core.cpp; path = Core/Core.cpp; sourceTree = "<group>"; };
		022BA2661DD1ABD90015C380 /* Core.hpp */ = {isa = PBXFileReference; fileEncoding = 4; lastKnownFileType = sourcecode.cpp.h; name = Core.hpp; path = Core/Core.hpp; sourceTree = "<group>"; };
		022BA2691DD5BC610015C380 /* IMU.cpp */ = {isa = PBXFileReference; fileEncoding = 4; lastKnownFileType = sourcecode.cpp.cpp; name = IMU.cpp; path = IMU/IMU.cpp; sourceTree = "<group>"; };
		022BA26A1DD5BC610015C380 /* IMU.hpp */ = {isa = PBXFileReference; fileEncoding = 4; lastKnownFileType = sourcecode.cpp.h; name = IMU.hpp; path = IMU/IMU.hpp; sourceTree = "<group>"; };
		02315B411D09937600CC22A0 /* Affine.cpp */ = {isa = PBXFileReference; fileEncoding = 4; lastKnownFileType = sourcecode.cpp.cpp; name = Affine.cpp; path = Affine/Affine.cpp; sourceTree = "<group>"; };
		02315B421D09937600CC22A0 /* Affine.hpp */ = {isa = PBXFileReference; fileEncoding = 4; lastKnownFileType = sourcecode.cpp.h; name = Affine.hpp; path = Affine/Affine.hpp; sourceTree = "<group>"; };
		0243070D1D7560300031EFAD /* RangeValid */ = {isa = PBXFileReference; explicitFileType = "compiled.mach-o.executable"; includeInIndex = 0; path = RangeValid; sourceTree = BUILT_PRODUCTS_DIR; };
		0243070F1D7560300031EFAD /* main.cpp */ = {isa = PBXFileReference; lastKnownFileType = sourcecode.cpp.cpp; path = main.cpp; sourceTree = "<group>"; };
		0245CD7D1C41382500FF5E33 /* MatchTest */ = {isa = PBXFileReference; explicitFileType = "compiled.mach-o.executable"; includeInIndex = 0; path = MatchTest; sourceTree = BUILT_PRODUCTS_DIR; };
		0245CD7F1C41382500FF5E33 /* main.cpp */ = {isa = PBXFileReference; lastKnownFileType = sourcecode.cpp.cpp; path = main.cpp; sourceTree = "<group>"; };
		0245CD8D1C4233E000FF5E33 /* Transform.cpp */ = {isa = PBXFileReference; fileEncoding = 4; lastKnownFileType = sourcecode.cpp.cpp; name = Transform.cpp; path = Transform/Transform.cpp; sourceTree = "<group>"; };
		0245CD8E1C4233E000FF5E33 /* Transform.hpp */ = {isa = PBXFileReference; fileEncoding = 4; lastKnownFileType = sourcecode.cpp.h; name = Transform.hpp; path = Transform/Transform.hpp; sourceTree = "<group>"; };
		0245CD931C43B4BC00FF5E33 /* Match.cpp */ = {isa = PBXFileReference; fileEncoding = 4; lastKnownFileType = sourcecode.cpp.cpp; name = Match.cpp; path = Match/Match.cpp; sourceTree = "<group>"; };
		0245CD941C43B4BC00FF5E33 /* Match.hpp */ = {isa = PBXFileReference; fileEncoding = 4; lastKnownFileType = sourcecode.cpp.h; name = Match.hpp; path = Match/Match.hpp; sourceTree = "<group>"; };
		0245CD9B1C43DF3700FF5E33 /* VideoMatchTest */ = {isa = PBXFileReference; explicitFileType = "compiled.mach-o.executable"; includeInIndex = 0; path = VideoMatchTest; sourceTree = BUILT_PRODUCTS_DIR; };
		0245CD9D1C43DF3700FF5E33 /* main.cpp */ = {isa = PBXFileReference; lastKnownFileType = sourcecode.cpp.cpp; path = main.cpp; sourceTree = "<group>"; };
		02513F9B1D363C9800089959 /* Perspective.cpp */ = {isa = PBXFileReference; fileEncoding = 4; lastKnownFileType = sourcecode.cpp.cpp; name = Perspective.cpp; path = Perspective/Perspective.cpp; sourceTree = "<group>"; };
		02513F9C1D363C9800089959 /* Perspective.hpp */ = {isa = PBXFileReference; fileEncoding = 4; lastKnownFileType = sourcecode.cpp.h; name = Perspective.hpp; path = Perspective/Perspective.hpp; sourceTree = "<group>"; };
		02513FA31D36648900089959 /* PerspectiveProjection */ = {isa = PBXFileReference; explicitFileType = "compiled.mach-o.executable"; includeInIndex = 0; path = PerspectiveProjection; sourceTree = BUILT_PRODUCTS_DIR; };
		02513FA51D36648900089959 /* main.cpp */ = {isa = PBXFileReference; lastKnownFileType = sourcecode.cpp.cpp; path = main.cpp; sourceTree = "<group>"; };
		025ADB831DB4B09A00DCE366 /* Range.cpp */ = {isa = PBXFileReference; fileEncoding = 4; lastKnownFileType = sourcecode.cpp.cpp; name = Range.cpp; path = Range/Range.cpp; sourceTree = "<group>"; };
		025ADB841DB4B09A00DCE366 /* Range.hpp */ = {isa = PBXFileReference; fileEncoding = 4; lastKnownFileType = sourcecode.cpp.h; name = Range.hpp; path = Range/Range.hpp; sourceTree = "<group>"; };
		025ADB8C1DB8915000DCE366 /* OpticalFlow.cpp */ = {isa = PBXFileReference; fileEncoding = 4; lastKnownFileType = sourcecode.cpp.cpp; name = OpticalFlow.cpp; path = OpticalFlow/OpticalFlow.cpp; sourceTree = "<group>"; };
		025ADB8D1DB8915000DCE366 /* OpticalFlow.hpp */ = {isa = PBXFileReference; fileEncoding = 4; lastKnownFileType = sourcecode.cpp.h; name = OpticalFlow.hpp; path = OpticalFlow/OpticalFlow.hpp; sourceTree = "<group>"; };
		025ADB981DB9FF7F00DCE366 /* Test */ = {isa = PBXFileReference; explicitFileType = "compiled.mach-o.executable"; includeInIndex = 0; path = Test; sourceTree = BUILT_PRODUCTS_DIR; };
		025ADB9A1DB9FF7F00DCE366 /* main.cpp */ = {isa = PBXFileReference; lastKnownFileType = sourcecode.cpp.cpp; path = main.cpp; sourceTree = "<group>"; };
		02648EAB1CF8058A00E4E948 /* ExtractFeatureTest */ = {isa = PBXFileReference; explicitFileType = "compiled.mach-o.executable"; includeInIndex = 0; path = ExtractFeatureTest; sourceTree = BUILT_PRODUCTS_DIR; };
		02648EAD1CF8058A00E4E948 /* main.cpp */ = {isa = PBXFileReference; lastKnownFileType = sourcecode.cpp.cpp; path = main.cpp; sourceTree = "<group>"; };
		026516A81D2F7FF4004C7838 /* Mask */ = {isa = PBXFileReference; explicitFileType = "compiled.mach-o.executable"; includeInIndex = 0; path = Mask; sourceTree = BUILT_PRODUCTS_DIR; };
		026516AA1D2F7FF4004C7838 /* main.cpp */ = {isa = PBXFileReference; lastKnownFileType = sourcecode.cpp.cpp; path = main.cpp; sourceTree = "<group>"; };
		026B3EB21CA1ABF4008B59CD /* ConvertGyro */ = {isa = PBXFileReference; explicitFileType = "compiled.mach-o.executable"; includeInIndex = 0; path = ConvertGyro; sourceTree = BUILT_PRODUCTS_DIR; };
		026B3EB41CA1ABF4008B59CD /* main.cpp */ = {isa = PBXFileReference; lastKnownFileType = sourcecode.cpp.cpp; path = main.cpp; sourceTree = "<group>"; };
		027F387F1D5B0EDB0012DA39 /* RotateVideo */ = {isa = PBXFileReference; explicitFileType = "compiled.mach-o.executable"; includeInIndex = 0; path = RotateVideo; sourceTree = BUILT_PRODUCTS_DIR; };
		027F38811D5B0EDB0012DA39 /* main.cpp */ = {isa = PBXFileReference; lastKnownFileType = sourcecode.cpp.cpp; path = main.cpp; sourceTree = "<group>"; };
		0287FC211D787B7200E4FE99 /* RotateFrame */ = {isa = PBXFileReference; explicitFileType = "compiled.mach-o.executable"; includeInIndex = 0; path = RotateFrame; sourceTree = BUILT_PRODUCTS_DIR; };
		0287FC231D787B7200E4FE99 /* main.cpp */ = {isa = PBXFileReference; lastKnownFileType = sourcecode.cpp.cpp; path = main.cpp; sourceTree = "<group>"; };
		028D7A121C302CE200790A10 /* Rotate.cpp */ = {isa = PBXFileReference; fileEncoding = 4; lastKnownFileType = sourcecode.cpp.cpp; path = Rotate.cpp; sourceTree = "<group>"; };
		028D7A131C302CE200790A10 /* Rotate.hpp */ = {isa = PBXFileReference; fileEncoding = 4; lastKnownFileType = sourcecode.cpp.h; path = Rotate.hpp; sourceTree = "<group>"; };
		0290BBB11D12A08100C83FF2 /* MatchMain.hpp */ = {isa = PBXFileReference; fileEncoding = 4; lastKnownFileType = sourcecode.cpp.h; name = MatchMain.hpp; path = MatchMain/MatchMain.hpp; sourceTree = "<group>"; };
		0290BBB21D12A08900C83FF2 /* MatchMain.cpp */ = {isa = PBXFileReference; fileEncoding = 4; lastKnownFileType = sourcecode.cpp.cpp; name = MatchMain.cpp; path = MatchMain/MatchMain.cpp; sourceTree = "<group>"; };
		029994121C72A9CB00792144 /* PlayVideo */ = {isa = PBXFileReference; explicitFileType = "compiled.mach-o.executable"; includeInIndex = 0; path = PlayVideo; sourceTree = BUILT_PRODUCTS_DIR; };
		029994141C72A9CB00792144 /* main.cpp */ = {isa = PBXFileReference; lastKnownFileType = sourcecode.cpp.cpp; path = main.cpp; sourceTree = "<group>"; };
		02A9B6D11DC0C5BC00D4A0E7 /* libopencv_core.dylib */ = {isa = PBXFileReference; lastKnownFileType = "compiled.mach-o.dylib"; name = libopencv_core.dylib; path = ../../../../../../../usr/local/Cellar/opencv3/3.1.0_4/lib/libopencv_core.dylib; sourceTree = "<group>"; };
		02A9B6D31DC0C5D300D4A0E7 /* libopencv_highgui.dylib */ = {isa = PBXFileReference; lastKnownFileType = "compiled.mach-o.dylib"; name = libopencv_highgui.dylib; path = ../../../../../../../usr/local/Cellar/opencv3/3.1.0_4/lib/libopencv_highgui.dylib; sourceTree = "<group>"; };
		02A9B6D51DC0C5E000D4A0E7 /* libopencv_imgcodecs.dylib */ = {isa = PBXFileReference; lastKnownFileType = "compiled.mach-o.dylib"; name = libopencv_imgcodecs.dylib; path = ../../../../../../../usr/local/Cellar/opencv3/3.1.0_4/lib/libopencv_imgcodecs.dylib; sourceTree = "<group>"; };
		02A9B6D71DC0C5EB00D4A0E7 /* libopencv_imgproc.dylib */ = {isa = PBXFileReference; lastKnownFileType = "compiled.mach-o.dylib"; name = libopencv_imgproc.dylib; path = ../../../../../../../usr/local/Cellar/opencv3/3.1.0_4/lib/libopencv_imgproc.dylib; sourceTree = "<group>"; };
		02A9B6D91DC0C5F800D4A0E7 /* libopencv_features2d.dylib */ = {isa = PBXFileReference; lastKnownFileType = "compiled.mach-o.dylib"; name = libopencv_features2d.dylib; path = ../../../../../../../usr/local/Cellar/opencv3/3.1.0_4/lib/libopencv_features2d.dylib; sourceTree = "<group>"; };
		02A9B6DB1DC0C60D00D4A0E7 /* libopencv_xfeatures2d.dylib */ = {isa = PBXFileReference; lastKnownFileType = "compiled.mach-o.dylib"; name = libopencv_xfeatures2d.dylib; path = ../../../../../../../usr/local/Cellar/opencv3/3.1.0_4/lib/libopencv_xfeatures2d.dylib; sourceTree = "<group>"; };
		02A9B6DD1DC0C61C00D4A0E7 /* libopencv_calib3d.dylib */ = {isa = PBXFileReference; lastKnownFileType = "compiled.mach-o.dylib"; name = libopencv_calib3d.dylib; path = ../../../../../../../usr/local/Cellar/opencv3/3.1.0_4/lib/libopencv_calib3d.dylib; sourceTree = "<group>"; };
		02A9B6DF1DC0C63200D4A0E7 /* libopencv_video.dylib */ = {isa = PBXFileReference; lastKnownFileType = "compiled.mach-o.dylib"; name = libopencv_video.dylib; path = ../../../../../../../usr/local/Cellar/opencv3/3.1.0_4/lib/libopencv_video.dylib; sourceTree = "<group>"; };
		02A9B6E11DC0C64500D4A0E7 /* libopencv_videoio.dylib */ = {isa = PBXFileReference; lastKnownFileType = "compiled.mach-o.dylib"; name = libopencv_videoio.dylib; path = ../../../../../../../usr/local/Cellar/opencv3/3.1.0_4/lib/libopencv_videoio.dylib; sourceTree = "<group>"; };
		02A9B6E31DC0C65400D4A0E7 /* libopencv_tracking.dylib */ = {isa = PBXFileReference; lastKnownFileType = "compiled.mach-o.dylib"; name = libopencv_tracking.dylib; path = ../../../../../../../usr/local/Cellar/opencv3/3.1.0_4/lib/libopencv_tracking.dylib; sourceTree = "<group>"; };
		02A9B6ED1DC1CBFA00D4A0E7 /* Estimator.cpp */ = {isa = PBXFileReference; fileEncoding = 4; lastKnownFileType = sourcecode.cpp.cpp; name = Estimator.cpp; path = Estimator/Estimator.cpp; sourceTree = "<group>"; };
		02A9B6EE1DC1CBFA00D4A0E7 /* Estimator.hpp */ = {isa = PBXFileReference; fileEncoding = 4; lastKnownFileType = sourcecode.cpp.h; name = Estimator.hpp; path = Estimator/Estimator.hpp; sourceTree = "<group>"; };
		02A9B6F01DC1CCBE00D4A0E7 /* FeatureMatchEstimator.cpp */ = {isa = PBXFileReference; fileEncoding = 4; lastKnownFileType = sourcecode.cpp.cpp; name = FeatureMatchEstimator.cpp; path = Estimator/FeatureMatchEstimator.cpp; sourceTree = "<group>"; };
		02A9B6F11DC1CCBE00D4A0E7 /* FeatureMatchEstimator.hpp */ = {isa = PBXFileReference; fileEncoding = 4; lastKnownFileType = sourcecode.cpp.h; name = FeatureMatchEstimator.hpp; path = Estimator/FeatureMatchEstimator.hpp; sourceTree = "<group>"; };
		02A9B6F51DC1EEB000D4A0E7 /* MainProcess.cpp */ = {isa = PBXFileReference; fileEncoding = 4; lastKnownFileType = sourcecode.cpp.cpp; name = MainProcess.cpp; path = MainProcess/MainProcess.cpp; sourceTree = "<group>"; };
		02A9B6F61DC1EEB000D4A0E7 /* MainProcess.hpp */ = {isa = PBXFileReference; fileEncoding = 4; lastKnownFileType = sourcecode.cpp.h; name = MainProcess.hpp; path = MainProcess/MainProcess.hpp; sourceTree = "<group>"; };
		02A9B6F81DC2004B00D4A0E7 /* Epipolar.cpp */ = {isa = PBXFileReference; fileEncoding = 4; lastKnownFileType = sourcecode.cpp.cpp; name = Epipolar.cpp; path = Epipolar/Epipolar.cpp; sourceTree = "<group>"; };
		02A9B6F91DC2004B00D4A0E7 /* Epipolar.hpp */ = {isa = PBXFileReference; fileEncoding = 4; lastKnownFileType = sourcecode.cpp.h; name = Epipolar.hpp; path = Epipolar/Epipolar.hpp; sourceTree = "<group>"; };
		02A9B6FB1DC232AA00D4A0E7 /* OpticalFlowEstimator.cpp */ = {isa = PBXFileReference; fileEncoding = 4; lastKnownFileType = sourcecode.cpp.cpp; name = OpticalFlowEstimator.cpp; path = Estimator/OpticalFlowEstimator.cpp; sourceTree = "<group>"; };
		02A9B6FC1DC232AA00D4A0E7 /* OpticalFlowEstimator.hpp */ = {isa = PBXFileReference; fileEncoding = 4; lastKnownFileType = sourcecode.cpp.h; name = OpticalFlowEstimator.hpp; path = Estimator/OpticalFlowEstimator.hpp; sourceTree = "<group>"; };
		02A9B6FF1DC23E8200D4A0E7 /* CalcOpticalFlow.cpp */ = {isa = PBXFileReference; fileEncoding = 4; lastKnownFileType = sourcecode.cpp.cpp; name = CalcOpticalFlow.cpp; path = CalcOpticalFlow/CalcOpticalFlow.cpp; sourceTree = "<group>"; };
		02A9B7001DC23E8200D4A0E7 /* CalcOpticalFlow.hpp */ = {isa = PBXFileReference; fileEncoding = 4; lastKnownFileType = sourcecode.cpp.h; name = CalcOpticalFlow.hpp; path = CalcOpticalFlow/CalcOpticalFlow.hpp; sourceTree = "<group>"; };
		02C57BE91D0FB0D100F428F2 /* VideoReader.cpp */ = {isa = PBXFileReference; fileEncoding = 4; lastKnownFileType = sourcecode.cpp.cpp; name = VideoReader.cpp; path = VideoReader/VideoReader.cpp; sourceTree = "<group>"; };
		02C57BEA1D0FB0D100F428F2 /* VideoReader.hpp */ = {isa = PBXFileReference; fileEncoding = 4; lastKnownFileType = sourcecode.cpp.h; name = VideoReader.hpp; path = VideoReader/VideoReader.hpp; sourceTree = "<group>"; };
		02C57BEE1D0FDED300F428F2 /* VideoWriter.cpp */ = {isa = PBXFileReference; fileEncoding = 4; lastKnownFileType = sourcecode.cpp.cpp; name = VideoWriter.cpp; path = VideoWriter/VideoWriter.cpp; sourceTree = "<group>"; };
		02C57BEF1D0FDED300F428F2 /* VideoWriter.hpp */ = {isa = PBXFileReference; fileEncoding = 4; lastKnownFileType = sourcecode.cpp.h; name = VideoWriter.hpp; path = VideoWriter/VideoWriter.hpp; sourceTree = "<group>"; };
		02D6D99B1D81404400862E8F /* Estimate.cpp */ = {isa = PBXFileReference; fileEncoding = 4; lastKnownFileType = sourcecode.cpp.cpp; name = Estimate.cpp; path = Estimate/Estimate.cpp; sourceTree = "<group>"; };
		02D6D99C1D81404400862E8F /* Estimate.hpp */ = {isa = PBXFileReference; fileEncoding = 4; lastKnownFileType = sourcecode.cpp.h; name = Estimate.hpp; path = Estimate/Estimate.hpp; sourceTree = "<group>"; };
		02D6D9A11D8189B900862E8F /* Quaternion.cpp */ = {isa = PBXFileReference; fileEncoding = 4; lastKnownFileType = sourcecode.cpp.cpp; name = Quaternion.cpp; path = Quaternion/Quaternion.cpp; sourceTree = "<group>"; };
		02D6D9A21D8189B900862E8F /* Quaternion.hpp */ = {isa = PBXFileReference; fileEncoding = 4; lastKnownFileType = sourcecode.cpp.h; name = Quaternion.hpp; path = Quaternion/Quaternion.hpp; sourceTree = "<group>"; };
		02E437131CF84303007C3605 /* MatchFeaturePoint.cpp */ = {isa = PBXFileReference; fileEncoding = 4; lastKnownFileType = sourcecode.cpp.cpp; name = MatchFeaturePoint.cpp; path = MatchFeaturePoint/MatchFeaturePoint.cpp; sourceTree = "<group>"; };
		02E437141CF84303007C3605 /* MatchFeaturePoint.hpp */ = {isa = PBXFileReference; fileEncoding = 4; lastKnownFileType = sourcecode.cpp.h; name = MatchFeaturePoint.hpp; path = MatchFeaturePoint/MatchFeaturePoint.hpp; sourceTree = "<group>"; };
		02E4371B1CF845CF007C3605 /* ExtractFeaturePoint.hpp */ = {isa = PBXFileReference; fileEncoding = 4; lastKnownFileType = sourcecode.cpp.h; name = ExtractFeaturePoint.hpp; path = ExtractFeaturePoint/ExtractFeaturePoint.hpp; sourceTree = "<group>"; };
		02E4371C1CF845D7007C3605 /* ExtractFeaturePoint.cpp */ = {isa = PBXFileReference; fileEncoding = 4; lastKnownFileType = sourcecode.cpp.cpp; name = ExtractFeaturePoint.cpp; path = ExtractFeaturePoint/ExtractFeaturePoint.cpp; sourceTree = "<group>"; };
/* End PBXFileReference section */

/* Begin PBXFrameworksBuildPhase section */
		020D72F91D2A4ADA00BC61BD /* Frameworks */ = {
			isa = PBXFrameworksBuildPhase;
			buildActionMask = 2147483647;
			files = (
			);
			runOnlyForDeploymentPostprocessing = 0;
		};
		0225C9371D00071B00356EA6 /* Frameworks */ = {
			isa = PBXFrameworksBuildPhase;
			buildActionMask = 2147483647;
			files = (
			);
			runOnlyForDeploymentPostprocessing = 0;
		};
		0243070A1D7560300031EFAD /* Frameworks */ = {
			isa = PBXFrameworksBuildPhase;
			buildActionMask = 2147483647;
			files = (
			);
			runOnlyForDeploymentPostprocessing = 0;
		};
		0245CD7A1C41382500FF5E33 /* Frameworks */ = {
			isa = PBXFrameworksBuildPhase;
			buildActionMask = 2147483647;
			files = (
				02A9B6DA1DC0C5F800D4A0E7 /* libopencv_features2d.dylib in Frameworks */,
				02A9B6D41DC0C5D300D4A0E7 /* libopencv_highgui.dylib in Frameworks */,
				02A9B6D81DC0C5EB00D4A0E7 /* libopencv_imgproc.dylib in Frameworks */,
				02A9B6E01DC0C63200D4A0E7 /* libopencv_video.dylib in Frameworks */,
				02A9B6E21DC0C64500D4A0E7 /* libopencv_videoio.dylib in Frameworks */,
				02A9B6D21DC0C5BC00D4A0E7 /* libopencv_core.dylib in Frameworks */,
				02A9B6DE1DC0C61C00D4A0E7 /* libopencv_calib3d.dylib in Frameworks */,
				02A9B6D61DC0C5E000D4A0E7 /* libopencv_imgcodecs.dylib in Frameworks */,
				02A9B6E41DC0C65400D4A0E7 /* libopencv_tracking.dylib in Frameworks */,
				02A9B6DC1DC0C60D00D4A0E7 /* libopencv_xfeatures2d.dylib in Frameworks */,
			);
			runOnlyForDeploymentPostprocessing = 0;
		};
		0245CD981C43DF3700FF5E33 /* Frameworks */ = {
			isa = PBXFrameworksBuildPhase;
			buildActionMask = 2147483647;
			files = (
				0268917A1DC71E7000BAA626 /* libopencv_features2d.dylib in Frameworks */,
				026891761DC71E6400BAA626 /* libopencv_core.dylib in Frameworks */,
				026891781DC71E6A00BAA626 /* libopencv_imgcodecs.dylib in Frameworks */,
				0268917F1DC71E9D00BAA626 /* libopencv_video.dylib in Frameworks */,
				026891771DC71E6700BAA626 /* libopencv_highgui.dylib in Frameworks */,
				026891791DC71E6D00BAA626 /* libopencv_imgproc.dylib in Frameworks */,
				0268917E1DC71E8D00BAA626 /* libopencv_videoio.dylib in Frameworks */,
				0268917B1DC71E7200BAA626 /* libopencv_xfeatures2d.dylib in Frameworks */,
				0268917D1DC71E7A00BAA626 /* libopencv_tracking.dylib in Frameworks */,
				0268917C1DC71E7600BAA626 /* libopencv_calib3d.dylib in Frameworks */,
			);
			runOnlyForDeploymentPostprocessing = 0;
		};
		02513FA01D36648900089959 /* Frameworks */ = {
			isa = PBXFrameworksBuildPhase;
			buildActionMask = 2147483647;
			files = (
			);
			runOnlyForDeploymentPostprocessing = 0;
		};
		025ADB951DB9FF7F00DCE366 /* Frameworks */ = {
			isa = PBXFrameworksBuildPhase;
			buildActionMask = 2147483647;
			files = (
			);
			runOnlyForDeploymentPostprocessing = 0;
		};
		02648EA81CF8058A00E4E948 /* Frameworks */ = {
			isa = PBXFrameworksBuildPhase;
			buildActionMask = 2147483647;
			files = (
			);
			runOnlyForDeploymentPostprocessing = 0;
		};
		026516A51D2F7FF4004C7838 /* Frameworks */ = {
			isa = PBXFrameworksBuildPhase;
			buildActionMask = 2147483647;
			files = (
			);
			runOnlyForDeploymentPostprocessing = 0;
		};
		026B3EAF1CA1ABF4008B59CD /* Frameworks */ = {
			isa = PBXFrameworksBuildPhase;
			buildActionMask = 2147483647;
			files = (
			);
			runOnlyForDeploymentPostprocessing = 0;
		};
		027F387C1D5B0EDB0012DA39 /* Frameworks */ = {
			isa = PBXFrameworksBuildPhase;
			buildActionMask = 2147483647;
			files = (
			);
			runOnlyForDeploymentPostprocessing = 0;
		};
		0287FC1E1D787B7200E4FE99 /* Frameworks */ = {
			isa = PBXFrameworksBuildPhase;
			buildActionMask = 2147483647;
			files = (
			);
			runOnlyForDeploymentPostprocessing = 0;
		};
		0299940F1C72A9CB00792144 /* Frameworks */ = {
			isa = PBXFrameworksBuildPhase;
			buildActionMask = 2147483647;
			files = (
			);
			runOnlyForDeploymentPostprocessing = 0;
		};
/* End PBXFrameworksBuildPhase section */

/* Begin PBXGroup section */
		020D72FD1D2A4ADA00BC61BD /* ExtractFrame */ = {
			isa = PBXGroup;
			children = (
				020D72FE1D2A4ADA00BC61BD /* main.cpp */,
			);
			path = ExtractFrame;
			sourceTree = "<group>";
		};
		020D730A1D2A62F800BC61BD /* Rotation */ = {
			isa = PBXGroup;
			children = (
				0298B47D1D0A8E8300B68032 /* Quaternion */,
				020D73071D2A62E800BC61BD /* Rotation.cpp */,
				020D73081D2A62E800BC61BD /* Rotation.hpp */,
			);
			name = Rotation;
			sourceTree = "<group>";
		};
		020FE6C61CA6D84100A650CE /* InputGyro */ = {
			isa = PBXGroup;
			children = (
				020FE6C71CA6DA6E00A650CE /* InputGyro.cpp */,
				020FE6C81CA6DA6E00A650CE /* InputGyro.hpp */,
			);
			name = InputGyro;
			sourceTree = "<group>";
		};
		0225C93B1D00071B00356EA6 /* AffineTest */ = {
			isa = PBXGroup;
			children = (
				0225C93C1D00071B00356EA6 /* main.cpp */,
			);
			path = AffineTest;
			sourceTree = "<group>";
		};
		022BA2641DD1ABC00015C380 /* Core */ = {
			isa = PBXGroup;
			children = (
				022BA2651DD1ABD90015C380 /* Core.cpp */,
				022BA2661DD1ABD90015C380 /* Core.hpp */,
			);
			name = Core;
			sourceTree = "<group>";
		};
		022BA2681DD5BB9D0015C380 /* IMU */ = {
			isa = PBXGroup;
			children = (
				022BA2691DD5BC610015C380 /* IMU.cpp */,
				022BA26A1DD5BC610015C380 /* IMU.hpp */,
			);
			name = IMU;
			sourceTree = "<group>";
		};
		022D08B31CF5915F0032A92F /* ExtractFeaturePoint */ = {
			isa = PBXGroup;
			children = (
				02E4371C1CF845D7007C3605 /* ExtractFeaturePoint.cpp */,
				02E4371B1CF845CF007C3605 /* ExtractFeaturePoint.hpp */,
			);
			name = ExtractFeaturePoint;
			sourceTree = "<group>";
		};
		02315B401D09935800CC22A0 /* Affine */ = {
			isa = PBXGroup;
			children = (
				02315B411D09937600CC22A0 /* Affine.cpp */,
				02315B421D09937600CC22A0 /* Affine.hpp */,
			);
			name = Affine;
			sourceTree = "<group>";
		};
		0243070E1D7560300031EFAD /* RangeValid */ = {
			isa = PBXGroup;
			children = (
				0243070F1D7560300031EFAD /* main.cpp */,
			);
			path = RangeValid;
			sourceTree = "<group>";
		};
		0245CD5A1C3F83DE00FF5E33 /* Rotate */ = {
			isa = PBXGroup;
			children = (
				028D7A121C302CE200790A10 /* Rotate.cpp */,
				028D7A131C302CE200790A10 /* Rotate.hpp */,
			);
			path = Rotate;
			sourceTree = "<group>";
		};
		0245CD7E1C41382500FF5E33 /* MatchTest */ = {
			isa = PBXGroup;
			children = (
				0245CD7F1C41382500FF5E33 /* main.cpp */,
			);
			path = MatchTest;
			sourceTree = "<group>";
		};
		0245CD8C1C4233B100FF5E33 /* Transform */ = {
			isa = PBXGroup;
			children = (
				0245CD8D1C4233E000FF5E33 /* Transform.cpp */,
				0245CD8E1C4233E000FF5E33 /* Transform.hpp */,
			);
			name = Transform;
			sourceTree = "<group>";
		};
		0245CD921C43B46100FF5E33 /* Match */ = {
			isa = PBXGroup;
			children = (
				0245CD931C43B4BC00FF5E33 /* Match.cpp */,
				0245CD941C43B4BC00FF5E33 /* Match.hpp */,
			);
			name = Match;
			sourceTree = "<group>";
		};
		0245CD9C1C43DF3700FF5E33 /* VideoMatchTest */ = {
			isa = PBXGroup;
			children = (
				0245CD9D1C43DF3700FF5E33 /* main.cpp */,
			);
			path = VideoMatchTest;
			sourceTree = "<group>";
		};
		02513F9E1D363CA900089959 /* Perspective */ = {
			isa = PBXGroup;
			children = (
				02513F9B1D363C9800089959 /* Perspective.cpp */,
				02513F9C1D363C9800089959 /* Perspective.hpp */,
			);
			name = Perspective;
			sourceTree = "<group>";
		};
		02513FA41D36648900089959 /* PerspectiveProjection */ = {
			isa = PBXGroup;
			children = (
				02513FA51D36648900089959 /* main.cpp */,
			);
			path = PerspectiveProjection;
			sourceTree = "<group>";
		};
		025ADB861DB4B0A800DCE366 /* Range */ = {
			isa = PBXGroup;
			children = (
				025ADB831DB4B09A00DCE366 /* Range.cpp */,
				025ADB841DB4B09A00DCE366 /* Range.hpp */,
			);
			name = Range;
			sourceTree = "<group>";
		};
		025ADB8B1DB8911E00DCE366 /* OpticalFlow */ = {
			isa = PBXGroup;
			children = (
				025ADB8C1DB8915000DCE366 /* OpticalFlow.cpp */,
				025ADB8D1DB8915000DCE366 /* OpticalFlow.hpp */,
			);
			name = OpticalFlow;
			sourceTree = "<group>";
		};
		025ADB991DB9FF7F00DCE366 /* Test */ = {
			isa = PBXGroup;
			children = (
				025ADB9A1DB9FF7F00DCE366 /* main.cpp */,
			);
			path = Test;
			sourceTree = "<group>";
		};
		02648EA61CF804E300E4E948 /* class */ = {
			isa = PBXGroup;
			children = (
				02D6D9A01D8166CF00862E8F /* Video */,
				02A9B6F41DC1EE8A00D4A0E7 /* MainProcess */,
				02A9B6F31DC1E9BA00D4A0E7 /* Epipolar */,
				02A9B6E61DC1C2D500D4A0E7 /* Estimator */,
				025ADB861DB4B0A800DCE366 /* Range */,
				02A9B6FE1DC23E5800D4A0E7 /* CalcOpticalFlow */,
				02513F9E1D363CA900089959 /* Perspective */,
				02E437171CF8430D007C3605 /* MatchFeaturePoint */,
				022D08B31CF5915F0032A92F /* ExtractFeaturePoint */,
				020D730A1D2A62F800BC61BD /* Rotation */,
				0245CD8C1C4233B100FF5E33 /* Transform */,
				022BA2641DD1ABC00015C380 /* Core */,
				020FE6C61CA6D84100A650CE /* InputGyro */,
				022BA2681DD5BB9D0015C380 /* IMU */,
				0298B4791D0A897700B68032 /* old */,
			);
			name = class;
			sourceTree = "<group>";
		};
		02648EAC1CF8058A00E4E948 /* ExtractFeatureTest */ = {
			isa = PBXGroup;
			children = (
				02648EAD1CF8058A00E4E948 /* main.cpp */,
			);
			path = ExtractFeatureTest;
			sourceTree = "<group>";
		};
		026516A91D2F7FF4004C7838 /* Mask */ = {
			isa = PBXGroup;
			children = (
				026516AA1D2F7FF4004C7838 /* main.cpp */,
			);
			path = Mask;
			sourceTree = "<group>";
		};
		026B3EB31CA1ABF4008B59CD /* ConvertGyro */ = {
			isa = PBXGroup;
			children = (
				026B3EB41CA1ABF4008B59CD /* main.cpp */,
			);
			path = ConvertGyro;
			sourceTree = "<group>";
		};
		027F38801D5B0EDB0012DA39 /* RotateVideo */ = {
			isa = PBXGroup;
			children = (
				027F38811D5B0EDB0012DA39 /* main.cpp */,
			);
			path = RotateVideo;
			sourceTree = "<group>";
		};
		0287FC221D787B7200E4FE99 /* RotateFrame */ = {
			isa = PBXGroup;
			children = (
				0287FC231D787B7200E4FE99 /* main.cpp */,
			);
			path = RotateFrame;
			sourceTree = "<group>";
		};
		028D79EE1C30130B00790A10 = {
			isa = PBXGroup;
			children = (
				022AE82F1D6C7AC000900F28 /* libiomp5.dylib */,
				02A9B6E31DC0C65400D4A0E7 /* libopencv_tracking.dylib */,
				02A9B6E11DC0C64500D4A0E7 /* libopencv_videoio.dylib */,
				02A9B6DF1DC0C63200D4A0E7 /* libopencv_video.dylib */,
				02A9B6DD1DC0C61C00D4A0E7 /* libopencv_calib3d.dylib */,
				02A9B6DB1DC0C60D00D4A0E7 /* libopencv_xfeatures2d.dylib */,
				02A9B6D91DC0C5F800D4A0E7 /* libopencv_features2d.dylib */,
				02A9B6D71DC0C5EB00D4A0E7 /* libopencv_imgproc.dylib */,
				02A9B6D51DC0C5E000D4A0E7 /* libopencv_imgcodecs.dylib */,
				02A9B6D31DC0C5D300D4A0E7 /* libopencv_highgui.dylib */,
				02A9B6D11DC0C5BC00D4A0E7 /* libopencv_core.dylib */,
				02648EA61CF804E300E4E948 /* class */,
				026B3EB31CA1ABF4008B59CD /* ConvertGyro */,
				0245CD7E1C41382500FF5E33 /* MatchTest */,
				0245CD9C1C43DF3700FF5E33 /* VideoMatchTest */,
				029994131C72A9CB00792144 /* PlayVideo */,
				02648EAC1CF8058A00E4E948 /* ExtractFeatureTest */,
				0225C93B1D00071B00356EA6 /* AffineTest */,
				020D72FD1D2A4ADA00BC61BD /* ExtractFrame */,
				026516A91D2F7FF4004C7838 /* Mask */,
				02513FA41D36648900089959 /* PerspectiveProjection */,
				0243070E1D7560300031EFAD /* RangeValid */,
				027F38801D5B0EDB0012DA39 /* RotateVideo */,
				0287FC221D787B7200E4FE99 /* RotateFrame */,
				025ADB991DB9FF7F00DCE366 /* Test */,
				028D79F81C30130B00790A10 /* Products */,
			);
			sourceTree = "<group>";
		};
		028D79F81C30130B00790A10 /* Products */ = {
			isa = PBXGroup;
			children = (
				0245CD7D1C41382500FF5E33 /* MatchTest */,
				0245CD9B1C43DF3700FF5E33 /* VideoMatchTest */,
				029994121C72A9CB00792144 /* PlayVideo */,
				026B3EB21CA1ABF4008B59CD /* ConvertGyro */,
				02648EAB1CF8058A00E4E948 /* ExtractFeatureTest */,
				0225C93A1D00071B00356EA6 /* AffineTest */,
				020D72FC1D2A4ADA00BC61BD /* ExtractFrame */,
				026516A81D2F7FF4004C7838 /* Mask */,
				02513FA31D36648900089959 /* PerspectiveProjection */,
				027F387F1D5B0EDB0012DA39 /* RotateVideo */,
				0243070D1D7560300031EFAD /* RangeValid */,
				0287FC211D787B7200E4FE99 /* RotateFrame */,
				025ADB981DB9FF7F00DCE366 /* Test */,
			);
			name = Products;
			sourceTree = "<group>";
		};
		0298B4791D0A897700B68032 /* old */ = {
			isa = PBXGroup;
			children = (
				02C57C011D1055AC00F428F2 /* MatchMain */,
				025ADB8B1DB8911E00DCE366 /* OpticalFlow */,
				02D6D99F1D81405300862E8F /* Estimate */,
				02315B401D09935800CC22A0 /* Affine */,
				0245CD921C43B46100FF5E33 /* Match */,
				0245CD5A1C3F83DE00FF5E33 /* Rotate */,
			);
			name = old;
			sourceTree = "<group>";
		};
		0298B47D1D0A8E8300B68032 /* Quaternion */ = {
			isa = PBXGroup;
			children = (
				02D6D9A11D8189B900862E8F /* Quaternion.cpp */,
				02D6D9A21D8189B900862E8F /* Quaternion.hpp */,
			);
			name = Quaternion;
			sourceTree = "<group>";
		};
		029994131C72A9CB00792144 /* PlayVideo */ = {
			isa = PBXGroup;
			children = (
				029994141C72A9CB00792144 /* main.cpp */,
			);
			path = PlayVideo;
			sourceTree = "<group>";
		};
		02A9B6E61DC1C2D500D4A0E7 /* Estimator */ = {
			isa = PBXGroup;
			children = (
				02A9B6ED1DC1CBFA00D4A0E7 /* Estimator.cpp */,
				02A9B6EE1DC1CBFA00D4A0E7 /* Estimator.hpp */,
				02A9B6F01DC1CCBE00D4A0E7 /* FeatureMatchEstimator.cpp */,
				02A9B6F11DC1CCBE00D4A0E7 /* FeatureMatchEstimator.hpp */,
				02A9B6FB1DC232AA00D4A0E7 /* OpticalFlowEstimator.cpp */,
				02A9B6FC1DC232AA00D4A0E7 /* OpticalFlowEstimator.hpp */,
			);
			name = Estimator;
			sourceTree = "<group>";
		};
		02A9B6F31DC1E9BA00D4A0E7 /* Epipolar */ = {
			isa = PBXGroup;
			children = (
				02A9B6F81DC2004B00D4A0E7 /* Epipolar.cpp */,
				02A9B6F91DC2004B00D4A0E7 /* Epipolar.hpp */,
			);
			name = Epipolar;
			sourceTree = "<group>";
		};
		02A9B6F41DC1EE8A00D4A0E7 /* MainProcess */ = {
			isa = PBXGroup;
			children = (
				02A9B6F51DC1EEB000D4A0E7 /* MainProcess.cpp */,
				02A9B6F61DC1EEB000D4A0E7 /* MainProcess.hpp */,
			);
			name = MainProcess;
			sourceTree = "<group>";
		};
		02A9B6FE1DC23E5800D4A0E7 /* CalcOpticalFlow */ = {
			isa = PBXGroup;
			children = (
				02A9B6FF1DC23E8200D4A0E7 /* CalcOpticalFlow.cpp */,
				02A9B7001DC23E8200D4A0E7 /* CalcOpticalFlow.hpp */,
			);
			name = CalcOpticalFlow;
			sourceTree = "<group>";
		};
		02C57BE81D0FB0B200F428F2 /* VideoReader */ = {
			isa = PBXGroup;
			children = (
				02C57BE91D0FB0D100F428F2 /* VideoReader.cpp */,
				02C57BEA1D0FB0D100F428F2 /* VideoReader.hpp */,
			);
			name = VideoReader;
			sourceTree = "<group>";
		};
		02C57BED1D0FDEB700F428F2 /* VideoWriter */ = {
			isa = PBXGroup;
			children = (
				02C57BEE1D0FDED300F428F2 /* VideoWriter.cpp */,
				02C57BEF1D0FDED300F428F2 /* VideoWriter.hpp */,
			);
			name = VideoWriter;
			sourceTree = "<group>";
		};
		02C57C011D1055AC00F428F2 /* MatchMain */ = {
			isa = PBXGroup;
			children = (
				0290BBB21D12A08900C83FF2 /* MatchMain.cpp */,
				0290BBB11D12A08100C83FF2 /* MatchMain.hpp */,
			);
			name = MatchMain;
			sourceTree = "<group>";
		};
		02D6D99F1D81405300862E8F /* Estimate */ = {
			isa = PBXGroup;
			children = (
				02D6D99B1D81404400862E8F /* Estimate.cpp */,
				02D6D99C1D81404400862E8F /* Estimate.hpp */,
			);
			name = Estimate;
			sourceTree = "<group>";
		};
		02D6D9A01D8166CF00862E8F /* Video */ = {
			isa = PBXGroup;
			children = (
				02C57BE81D0FB0B200F428F2 /* VideoReader */,
				02C57BED1D0FDEB700F428F2 /* VideoWriter */,
			);
			name = Video;
			sourceTree = "<group>";
		};
		02E437171CF8430D007C3605 /* MatchFeaturePoint */ = {
			isa = PBXGroup;
			children = (
				02E437131CF84303007C3605 /* MatchFeaturePoint.cpp */,
				02E437141CF84303007C3605 /* MatchFeaturePoint.hpp */,
			);
			name = MatchFeaturePoint;
			sourceTree = "<group>";
		};
/* End PBXGroup section */

/* Begin PBXNativeTarget section */
		020D72FB1D2A4ADA00BC61BD /* ExtractFrame */ = {
			isa = PBXNativeTarget;
			buildConfigurationList = 020D73001D2A4ADA00BC61BD /* Build configuration list for PBXNativeTarget "ExtractFrame" */;
			buildPhases = (
				020D72F81D2A4ADA00BC61BD /* Sources */,
				020D72F91D2A4ADA00BC61BD /* Frameworks */,
				020D72FA1D2A4ADA00BC61BD /* CopyFiles */,
			);
			buildRules = (
			);
			dependencies = (
			);
			name = ExtractFrame;
			productName = ExtractFrame;
			productReference = 020D72FC1D2A4ADA00BC61BD /* ExtractFrame */;
			productType = "com.apple.product-type.tool";
		};
		0225C9391D00071B00356EA6 /* AffineTest */ = {
			isa = PBXNativeTarget;
			buildConfigurationList = 0225C93E1D00071B00356EA6 /* Build configuration list for PBXNativeTarget "AffineTest" */;
			buildPhases = (
				0225C9361D00071B00356EA6 /* Sources */,
				0225C9371D00071B00356EA6 /* Frameworks */,
				0225C9381D00071B00356EA6 /* CopyFiles */,
			);
			buildRules = (
			);
			dependencies = (
			);
			name = AffineTest;
			productName = AffineTest;
			productReference = 0225C93A1D00071B00356EA6 /* AffineTest */;
			productType = "com.apple.product-type.tool";
		};
		0243070C1D7560300031EFAD /* RangeValid */ = {
			isa = PBXNativeTarget;
			buildConfigurationList = 024307111D7560300031EFAD /* Build configuration list for PBXNativeTarget "RangeValid" */;
			buildPhases = (
				024307091D7560300031EFAD /* Sources */,
				0243070A1D7560300031EFAD /* Frameworks */,
				0243070B1D7560300031EFAD /* CopyFiles */,
			);
			buildRules = (
			);
			dependencies = (
			);
			name = RangeValid;
			productName = RangeValid;
			productReference = 0243070D1D7560300031EFAD /* RangeValid */;
			productType = "com.apple.product-type.tool";
		};
		0245CD7C1C41382500FF5E33 /* MatchTest */ = {
			isa = PBXNativeTarget;
			buildConfigurationList = 0245CD811C41382500FF5E33 /* Build configuration list for PBXNativeTarget "MatchTest" */;
			buildPhases = (
				0245CD791C41382500FF5E33 /* Sources */,
				0245CD7A1C41382500FF5E33 /* Frameworks */,
				0245CD7B1C41382500FF5E33 /* CopyFiles */,
			);
			buildRules = (
			);
			dependencies = (
			);
			name = MatchTest;
			productName = MatchTest;
			productReference = 0245CD7D1C41382500FF5E33 /* MatchTest */;
			productType = "com.apple.product-type.tool";
		};
		0245CD9A1C43DF3700FF5E33 /* VideoMatchTest */ = {
			isa = PBXNativeTarget;
			buildConfigurationList = 0245CD9F1C43DF3700FF5E33 /* Build configuration list for PBXNativeTarget "VideoMatchTest" */;
			buildPhases = (
				0245CD971C43DF3700FF5E33 /* Sources */,
				0245CD981C43DF3700FF5E33 /* Frameworks */,
				0245CD991C43DF3700FF5E33 /* CopyFiles */,
			);
			buildRules = (
			);
			dependencies = (
			);
			name = VideoMatchTest;
			productName = VideoMatchTest;
			productReference = 0245CD9B1C43DF3700FF5E33 /* VideoMatchTest */;
			productType = "com.apple.product-type.tool";
		};
		02513FA21D36648900089959 /* PerspectiveProjection */ = {
			isa = PBXNativeTarget;
			buildConfigurationList = 02513FA71D36648900089959 /* Build configuration list for PBXNativeTarget "PerspectiveProjection" */;
			buildPhases = (
				02513F9F1D36648900089959 /* Sources */,
				02513FA01D36648900089959 /* Frameworks */,
				02513FA11D36648900089959 /* CopyFiles */,
			);
			buildRules = (
			);
			dependencies = (
			);
			name = PerspectiveProjection;
			productName = PerspectiveProjection;
			productReference = 02513FA31D36648900089959 /* PerspectiveProjection */;
			productType = "com.apple.product-type.tool";
		};
		025ADB971DB9FF7F00DCE366 /* Test */ = {
			isa = PBXNativeTarget;
			buildConfigurationList = 025ADB9E1DB9FF7F00DCE366 /* Build configuration list for PBXNativeTarget "Test" */;
			buildPhases = (
				025ADB941DB9FF7F00DCE366 /* Sources */,
				025ADB951DB9FF7F00DCE366 /* Frameworks */,
				025ADB961DB9FF7F00DCE366 /* CopyFiles */,
			);
			buildRules = (
			);
			dependencies = (
			);
			name = Test;
			productName = Test;
			productReference = 025ADB981DB9FF7F00DCE366 /* Test */;
			productType = "com.apple.product-type.tool";
		};
		02648EAA1CF8058A00E4E948 /* ExtractFeatureTest */ = {
			isa = PBXNativeTarget;
			buildConfigurationList = 02648EAF1CF8058A00E4E948 /* Build configuration list for PBXNativeTarget "ExtractFeatureTest" */;
			buildPhases = (
				02648EA71CF8058A00E4E948 /* Sources */,
				02648EA81CF8058A00E4E948 /* Frameworks */,
				02648EA91CF8058A00E4E948 /* CopyFiles */,
			);
			buildRules = (
			);
			dependencies = (
			);
			name = ExtractFeatureTest;
			productName = ExtractFeatureTest;
			productReference = 02648EAB1CF8058A00E4E948 /* ExtractFeatureTest */;
			productType = "com.apple.product-type.tool";
		};
		026516A71D2F7FF4004C7838 /* Mask */ = {
			isa = PBXNativeTarget;
			buildConfigurationList = 026516AE1D2F7FF4004C7838 /* Build configuration list for PBXNativeTarget "Mask" */;
			buildPhases = (
				026516A41D2F7FF4004C7838 /* Sources */,
				026516A51D2F7FF4004C7838 /* Frameworks */,
				026516A61D2F7FF4004C7838 /* CopyFiles */,
			);
			buildRules = (
			);
			dependencies = (
			);
			name = Mask;
			productName = Mask;
			productReference = 026516A81D2F7FF4004C7838 /* Mask */;
			productType = "com.apple.product-type.tool";
		};
		026B3EB11CA1ABF4008B59CD /* ConvertGyro */ = {
			isa = PBXNativeTarget;
			buildConfigurationList = 026B3EB61CA1ABF4008B59CD /* Build configuration list for PBXNativeTarget "ConvertGyro" */;
			buildPhases = (
				026B3EAE1CA1ABF4008B59CD /* Sources */,
				026B3EAF1CA1ABF4008B59CD /* Frameworks */,
				026B3EB01CA1ABF4008B59CD /* CopyFiles */,
			);
			buildRules = (
			);
			dependencies = (
			);
			name = ConvertGyro;
			productName = ConvertGyro;
			productReference = 026B3EB21CA1ABF4008B59CD /* ConvertGyro */;
			productType = "com.apple.product-type.tool";
		};
		027F387E1D5B0EDB0012DA39 /* RotateVideo */ = {
			isa = PBXNativeTarget;
			buildConfigurationList = 027F38831D5B0EDB0012DA39 /* Build configuration list for PBXNativeTarget "RotateVideo" */;
			buildPhases = (
				027F387B1D5B0EDB0012DA39 /* Sources */,
				027F387C1D5B0EDB0012DA39 /* Frameworks */,
				027F387D1D5B0EDB0012DA39 /* CopyFiles */,
			);
			buildRules = (
			);
			dependencies = (
			);
			name = RotateVideo;
			productName = RotateVideo;
			productReference = 027F387F1D5B0EDB0012DA39 /* RotateVideo */;
			productType = "com.apple.product-type.tool";
		};
		0287FC201D787B7200E4FE99 /* RotateFrame */ = {
			isa = PBXNativeTarget;
			buildConfigurationList = 0287FC271D787B7200E4FE99 /* Build configuration list for PBXNativeTarget "RotateFrame" */;
			buildPhases = (
				0287FC1D1D787B7200E4FE99 /* Sources */,
				0287FC1E1D787B7200E4FE99 /* Frameworks */,
				0287FC1F1D787B7200E4FE99 /* CopyFiles */,
			);
			buildRules = (
			);
			dependencies = (
			);
			name = RotateFrame;
			productName = RotateFrame;
			productReference = 0287FC211D787B7200E4FE99 /* RotateFrame */;
			productType = "com.apple.product-type.tool";
		};
		029994111C72A9CB00792144 /* PlayVideo */ = {
			isa = PBXNativeTarget;
			buildConfigurationList = 029994161C72A9CB00792144 /* Build configuration list for PBXNativeTarget "PlayVideo" */;
			buildPhases = (
				0299940E1C72A9CB00792144 /* Sources */,
				0299940F1C72A9CB00792144 /* Frameworks */,
				029994101C72A9CB00792144 /* CopyFiles */,
			);
			buildRules = (
			);
			dependencies = (
			);
			name = PlayVideo;
			productName = PlayVideo;
			productReference = 029994121C72A9CB00792144 /* PlayVideo */;
			productType = "com.apple.product-type.tool";
		};
/* End PBXNativeTarget section */

/* Begin PBXProject section */
		028D79EF1C30130B00790A10 /* Project object */ = {
			isa = PBXProject;
			attributes = {
				LastUpgradeCheck = 0800;
				ORGANIZATIONNAME = masakazu;
				TargetAttributes = {
					020D72FB1D2A4ADA00BC61BD = {
						CreatedOnToolsVersion = 7.2.1;
					};
					0225C9391D00071B00356EA6 = {
						CreatedOnToolsVersion = 7.2.1;
					};
					0243070C1D7560300031EFAD = {
						CreatedOnToolsVersion = 7.2.1;
					};
					0245CD7C1C41382500FF5E33 = {
						CreatedOnToolsVersion = 7.2;
					};
					0245CD9A1C43DF3700FF5E33 = {
						CreatedOnToolsVersion = 7.2;
					};
					02513FA21D36648900089959 = {
						CreatedOnToolsVersion = 7.2.1;
					};
					025ADB971DB9FF7F00DCE366 = {
						CreatedOnToolsVersion = 8.0;
						ProvisioningStyle = Automatic;
					};
					02648EAA1CF8058A00E4E948 = {
						CreatedOnToolsVersion = 7.2.1;
					};
					026516A71D2F7FF4004C7838 = {
						CreatedOnToolsVersion = 7.2.1;
					};
					026B3EB11CA1ABF4008B59CD = {
						CreatedOnToolsVersion = 7.2.1;
					};
					027F387E1D5B0EDB0012DA39 = {
						CreatedOnToolsVersion = 7.2.1;
					};
					0287FC201D787B7200E4FE99 = {
						CreatedOnToolsVersion = 7.2.1;
					};
					029994111C72A9CB00792144 = {
						CreatedOnToolsVersion = 7.2.1;
					};
				};
			};
			buildConfigurationList = 028D79F21C30130B00790A10 /* Build configuration list for PBXProject "OmnidirectionalImage" */;
			compatibilityVersion = "Xcode 3.2";
			developmentRegion = English;
			hasScannedForEncodings = 0;
			knownRegions = (
				en,
			);
			mainGroup = 028D79EE1C30130B00790A10;
			productRefGroup = 028D79F81C30130B00790A10 /* Products */;
			projectDirPath = "";
			projectRoot = "";
			targets = (
				0245CD7C1C41382500FF5E33 /* MatchTest */,
				0245CD9A1C43DF3700FF5E33 /* VideoMatchTest */,
				029994111C72A9CB00792144 /* PlayVideo */,
				026B3EB11CA1ABF4008B59CD /* ConvertGyro */,
				02648EAA1CF8058A00E4E948 /* ExtractFeatureTest */,
				0225C9391D00071B00356EA6 /* AffineTest */,
				020D72FB1D2A4ADA00BC61BD /* ExtractFrame */,
				026516A71D2F7FF4004C7838 /* Mask */,
				02513FA21D36648900089959 /* PerspectiveProjection */,
				027F387E1D5B0EDB0012DA39 /* RotateVideo */,
				0243070C1D7560300031EFAD /* RangeValid */,
				0287FC201D787B7200E4FE99 /* RotateFrame */,
				025ADB971DB9FF7F00DCE366 /* Test */,
			);
		};
/* End PBXProject section */

/* Begin PBXSourcesBuildPhase section */
		020D72F81D2A4ADA00BC61BD /* Sources */ = {
			isa = PBXSourcesBuildPhase;
			buildActionMask = 2147483647;
			files = (
				020D73031D2A4D3F00BC61BD /* VideoReader.cpp in Sources */,
				020D72FF1D2A4ADA00BC61BD /* main.cpp in Sources */,
			);
			runOnlyForDeploymentPostprocessing = 0;
		};
		0225C9361D00071B00356EA6 /* Sources */ = {
			isa = PBXSourcesBuildPhase;
			buildActionMask = 2147483647;
			files = (
				0276EF461D016FB30013ADF4 /* Transform.cpp in Sources */,
				025ADB821DB26BC000DCE366 /* MatchFeaturePoint.cpp in Sources */,
				025ADB791DAE141F00DCE366 /* Rotation.cpp in Sources */,
				0229F99A1D393CE20026000C /* ExtractFeaturePoint.cpp in Sources */,
				025ADB7A1DAE143500DCE366 /* Quaternion.cpp in Sources */,
				0225C93D1D00071B00356EA6 /* main.cpp in Sources */,
			);
			runOnlyForDeploymentPostprocessing = 0;
		};
		024307091D7560300031EFAD /* Sources */ = {
			isa = PBXSourcesBuildPhase;
			buildActionMask = 2147483647;
			files = (
				02A318F21D7568C6001B748D /* Transform.cpp in Sources */,
				024307101D7560300031EFAD /* main.cpp in Sources */,
				02A318F11D7568BF001B748D /* Rotation.cpp in Sources */,
				025ADB851DB4B09A00DCE366 /* Range.cpp in Sources */,
			);
			runOnlyForDeploymentPostprocessing = 0;
		};
		0245CD791C41382500FF5E33 /* Sources */ = {
			isa = PBXSourcesBuildPhase;
			buildActionMask = 2147483647;
			files = (
				022BA2671DD1ABD90015C380 /* Core.cpp in Sources */,
				0245CD901C4235AA00FF5E33 /* Transform.cpp in Sources */,
				02A9B6FD1DC232AA00D4A0E7 /* OpticalFlowEstimator.cpp in Sources */,
				0221B5451DBDE83400E59B7E /* Perspective.cpp in Sources */,
				02A9B6EF1DC1CBFA00D4A0E7 /* Estimator.cpp in Sources */,
				02A9B6F71DC1EEB000D4A0E7 /* MainProcess.cpp in Sources */,
				0220D4C01D3F674200AB134C /* ExtractFeaturePoint.cpp in Sources */,
				0220D4C51D3F68D100AB134C /* VideoWriter.cpp in Sources */,
				02A9B6FA1DC2004B00D4A0E7 /* Epipolar.cpp in Sources */,
				0220D4C41D3F68CE00AB134C /* VideoReader.cpp in Sources */,
				0220D4C11D3F674500AB134C /* MatchFeaturePoint.cpp in Sources */,
				02A9B6F21DC1CCBE00D4A0E7 /* FeatureMatchEstimator.cpp in Sources */,
				02D6D9A31D8189B900862E8F /* Quaternion.cpp in Sources */,
				02A9B7011DC23E8200D4A0E7 /* CalcOpticalFlow.cpp in Sources */,
				027572861DB51D8800AC36A3 /* Range.cpp in Sources */,
				0245CD801C41382500FF5E33 /* main.cpp in Sources */,
				0220D4BF1D3F674000AB134C /* Rotation.cpp in Sources */,
			);
			runOnlyForDeploymentPostprocessing = 0;
		};
		0245CD971C43DF3700FF5E33 /* Sources */ = {
			isa = PBXSourcesBuildPhase;
			buildActionMask = 2147483647;
			files = (
				026891711DC71E4900BAA626 /* OpticalFlowEstimator.cpp in Sources */,
				02C768861D17E7DB0069E8C3 /* VideoWriter.cpp in Sources */,
				0262BA061D782418009FE5F9 /* main.cpp in Sources */,
				026891731DC71E4F00BAA626 /* Estimator.cpp in Sources */,
				026891701DC71E4200BAA626 /* CalcOpticalFlow.cpp in Sources */,
				020D730B1D2A642D00BC61BD /* Rotation.cpp in Sources */,
				02C768881D17E7F00069E8C3 /* MatchFeaturePoint.cpp in Sources */,
				026891751DC71E5700BAA626 /* MainProcess.cpp in Sources */,
				02C768891D17E7F40069E8C3 /* ExtractFeaturePoint.cpp in Sources */,
				026891741DC71E5400BAA626 /* Epipolar.cpp in Sources */,
				02D6D9A41D8189B900862E8F /* Quaternion.cpp in Sources */,
				027572871DB51D8900AC36A3 /* Range.cpp in Sources */,
				0245CDA71C43E24200FF5E33 /* Transform.cpp in Sources */,
				026891721DC71E4C00BAA626 /* FeatureMatchEstimator.cpp in Sources */,
				0268916F1DC71E3E00BAA626 /* Perspective.cpp in Sources */,
				02C768851D17E7D80069E8C3 /* VideoReader.cpp in Sources */,
			);
			runOnlyForDeploymentPostprocessing = 0;
		};
		02513F9F1D36648900089959 /* Sources */ = {
			isa = PBXSourcesBuildPhase;
			buildActionMask = 2147483647;
			files = (
				02513FAB1D366BD100089959 /* Transform.cpp in Sources */,
				025ADB871DB7621E00DCE366 /* Rotation.cpp in Sources */,
				02513FAA1D366BCA00089959 /* Perspective.cpp in Sources */,
				025ADB881DB7622700DCE366 /* Quaternion.cpp in Sources */,
				02513FA61D36648900089959 /* main.cpp in Sources */,
				0221B5461DBE004C00E59B7E /* Range.cpp in Sources */,
			);
			runOnlyForDeploymentPostprocessing = 0;
		};
		025ADB941DB9FF7F00DCE366 /* Sources */ = {
			isa = PBXSourcesBuildPhase;
			buildActionMask = 2147483647;
			files = (
				025ADBA01DBA011800DCE366 /* Perspective.cpp in Sources */,
				025ADBA11DBA012200DCE366 /* Transform.cpp in Sources */,
				025ADB9B1DB9FF7F00DCE366 /* main.cpp in Sources */,
			);
			runOnlyForDeploymentPostprocessing = 0;
		};
		02648EA71CF8058A00E4E948 /* Sources */ = {
			isa = PBXSourcesBuildPhase;
			buildActionMask = 2147483647;
			files = (
				02E4371D1CF845D7007C3605 /* ExtractFeaturePoint.cpp in Sources */,
				02E437161CF84303007C3605 /* MatchFeaturePoint.cpp in Sources */,
				02648EB21CF807E800E4E948 /* Transform.cpp in Sources */,
				02648EAE1CF8058A00E4E948 /* main.cpp in Sources */,
			);
			runOnlyForDeploymentPostprocessing = 0;
		};
		026516A41D2F7FF4004C7838 /* Sources */ = {
			isa = PBXSourcesBuildPhase;
			buildActionMask = 2147483647;
			files = (
				026516B01D2F8282004C7838 /* Transform.cpp in Sources */,
				025ADB7F1DB256FE00DCE366 /* Rotation.cpp in Sources */,
				026516AB1D2F7FF4004C7838 /* main.cpp in Sources */,
				025ADB801DB2570200DCE366 /* Quaternion.cpp in Sources */,
				026516AF1D2F827E004C7838 /* ExtractFeaturePoint.cpp in Sources */,
			);
			runOnlyForDeploymentPostprocessing = 0;
		};
		026B3EAE1CA1ABF4008B59CD /* Sources */ = {
			isa = PBXSourcesBuildPhase;
			buildActionMask = 2147483647;
			files = (
				022BA26B1DD5BC610015C380 /* IMU.cpp in Sources */,
				026B3EB51CA1ABF4008B59CD /* main.cpp in Sources */,
				02B8D5F51CA7D92F00A736DB /* InputGyro.cpp in Sources */,
			);
			runOnlyForDeploymentPostprocessing = 0;
		};
		027F387B1D5B0EDB0012DA39 /* Sources */ = {
			isa = PBXSourcesBuildPhase;
			buildActionMask = 2147483647;
			files = (
				027F388C1D5B0F8B0012DA39 /* VideoWriter.cpp in Sources */,
				027F388D1D5B0F8E0012DA39 /* VideoReader.cpp in Sources */,
				027F388A1D5B0F830012DA39 /* Transform.cpp in Sources */,
				027F38821D5B0EDB0012DA39 /* main.cpp in Sources */,
				02CB50D01D98122A0000BCFD /* Rotation.cpp in Sources */,
				02CB50D11D98123F0000BCFD /* Quaternion.cpp in Sources */,
			);
			runOnlyForDeploymentPostprocessing = 0;
		};
		0287FC1D1D787B7200E4FE99 /* Sources */ = {
			isa = PBXSourcesBuildPhase;
			buildActionMask = 2147483647;
			files = (
				0287FC281D787E0F00E4FE99 /* Transform.cpp in Sources */,
				025ADB7D1DB2549E00DCE366 /* Quaternion.cpp in Sources */,
				0287FC241D787B7200E4FE99 /* main.cpp in Sources */,
				025ADB7C1DB2548E00DCE366 /* Rotation.cpp in Sources */,
			);
			runOnlyForDeploymentPostprocessing = 0;
		};
		0299940E1C72A9CB00792144 /* Sources */ = {
			isa = PBXSourcesBuildPhase;
			buildActionMask = 2147483647;
			files = (
				02C57BEC1D0FB9A300F428F2 /* VideoReader.cpp in Sources */,
				029994151C72A9CB00792144 /* main.cpp in Sources */,
				02C57BF11D10402A00F428F2 /* VideoWriter.cpp in Sources */,
			);
			runOnlyForDeploymentPostprocessing = 0;
		};
/* End PBXSourcesBuildPhase section */

/* Begin XCBuildConfiguration section */
		020D73011D2A4ADA00BC61BD /* Debug */ = {
			isa = XCBuildConfiguration;
			buildSettings = {
				HEADER_SEARCH_PATHS = "$(inherited)";
				LIBRARY_SEARCH_PATHS = "$(inherited)";
				PRODUCT_NAME = "$(TARGET_NAME)";
			};
			name = Debug;
		};
		020D73021D2A4ADA00BC61BD /* Release */ = {
			isa = XCBuildConfiguration;
			buildSettings = {
				HEADER_SEARCH_PATHS = "$(inherited)";
				LIBRARY_SEARCH_PATHS = "$(inherited)";
				PRODUCT_NAME = "$(TARGET_NAME)";
			};
			name = Release;
		};
		0225C93F1D00071B00356EA6 /* Debug */ = {
			isa = XCBuildConfiguration;
			buildSettings = {
				HEADER_SEARCH_PATHS = "$(inherited)";
				LIBRARY_SEARCH_PATHS = "$(inherited)";
				PRODUCT_NAME = "$(TARGET_NAME)";
			};
			name = Debug;
		};
		0225C9401D00071B00356EA6 /* Release */ = {
			isa = XCBuildConfiguration;
			buildSettings = {
				HEADER_SEARCH_PATHS = "$(inherited)";
				LIBRARY_SEARCH_PATHS = "$(inherited)";
				PRODUCT_NAME = "$(TARGET_NAME)";
			};
			name = Release;
		};
		024307121D7560300031EFAD /* Debug */ = {
			isa = XCBuildConfiguration;
			buildSettings = {
				HEADER_SEARCH_PATHS = "$(inherited)";
				LIBRARY_SEARCH_PATHS = "$(inherited)";
				PRODUCT_NAME = "$(TARGET_NAME)";
			};
			name = Debug;
		};
		024307131D7560300031EFAD /* Release */ = {
			isa = XCBuildConfiguration;
			buildSettings = {
				HEADER_SEARCH_PATHS = "$(inherited)";
				LIBRARY_SEARCH_PATHS = "$(inherited)";
				PRODUCT_NAME = "$(TARGET_NAME)";
			};
			name = Release;
		};
		0245CD821C41382500FF5E33 /* Debug */ = {
			isa = XCBuildConfiguration;
			buildSettings = {
				HEADER_SEARCH_PATHS = "$(inherited)";
				LIBRARY_SEARCH_PATHS = "$(inherited)";
				PRODUCT_NAME = "$(TARGET_NAME)";
			};
			name = Debug;
		};
		0245CD831C41382500FF5E33 /* Release */ = {
			isa = XCBuildConfiguration;
			buildSettings = {
				HEADER_SEARCH_PATHS = "$(inherited)";
				LIBRARY_SEARCH_PATHS = "$(inherited)";
				PRODUCT_NAME = "$(TARGET_NAME)";
			};
			name = Release;
		};
		0245CDA01C43DF3700FF5E33 /* Debug */ = {
			isa = XCBuildConfiguration;
			buildSettings = {
				HEADER_SEARCH_PATHS = "$(inherited)";
				LIBRARY_SEARCH_PATHS = "$(inherited)";
				PRODUCT_NAME = "$(TARGET_NAME)";
			};
			name = Debug;
		};
		0245CDA11C43DF3700FF5E33 /* Release */ = {
			isa = XCBuildConfiguration;
			buildSettings = {
				HEADER_SEARCH_PATHS = "$(inherited)";
				LIBRARY_SEARCH_PATHS = "$(inherited)";
				PRODUCT_NAME = "$(TARGET_NAME)";
			};
			name = Release;
		};
		02513FA81D36648900089959 /* Debug */ = {
			isa = XCBuildConfiguration;
			buildSettings = {
				HEADER_SEARCH_PATHS = "$(inherited)";
				LIBRARY_SEARCH_PATHS = "$(inherited)";
				PRODUCT_NAME = "$(TARGET_NAME)";
			};
			name = Debug;
		};
		02513FA91D36648900089959 /* Release */ = {
			isa = XCBuildConfiguration;
			buildSettings = {
				HEADER_SEARCH_PATHS = "$(inherited)";
				LIBRARY_SEARCH_PATHS = "$(inherited)";
				PRODUCT_NAME = "$(TARGET_NAME)";
			};
			name = Release;
		};
		025ADB9C1DB9FF7F00DCE366 /* Debug */ = {
			isa = XCBuildConfiguration;
			buildSettings = {
				CLANG_ANALYZER_NONNULL = YES;
				CLANG_WARN_DOCUMENTATION_COMMENTS = YES;
				CLANG_WARN_SUSPICIOUS_MOVES = YES;
				HEADER_SEARCH_PATHS = "$(inherited)";
				LIBRARY_SEARCH_PATHS = "$(inherited)";
				MACOSX_DEPLOYMENT_TARGET = 10.11;
				PRODUCT_NAME = "$(TARGET_NAME)";
			};
			name = Debug;
		};
		025ADB9D1DB9FF7F00DCE366 /* Release */ = {
			isa = XCBuildConfiguration;
			buildSettings = {
				CLANG_ANALYZER_NONNULL = YES;
				CLANG_WARN_DOCUMENTATION_COMMENTS = YES;
				CLANG_WARN_SUSPICIOUS_MOVES = YES;
				HEADER_SEARCH_PATHS = "$(inherited)";
				LIBRARY_SEARCH_PATHS = "$(inherited)";
				MACOSX_DEPLOYMENT_TARGET = 10.11;
				PRODUCT_NAME = "$(TARGET_NAME)";
			};
			name = Release;
		};
		02648EB01CF8058A00E4E948 /* Debug */ = {
			isa = XCBuildConfiguration;
			buildSettings = {
				HEADER_SEARCH_PATHS = "$(inherited)";
				LIBRARY_SEARCH_PATHS = "$(inherited)";
				PRODUCT_NAME = "$(TARGET_NAME)";
			};
			name = Debug;
		};
		02648EB11CF8058A00E4E948 /* Release */ = {
			isa = XCBuildConfiguration;
			buildSettings = {
				HEADER_SEARCH_PATHS = "$(inherited)";
				LIBRARY_SEARCH_PATHS = "$(inherited)";
				PRODUCT_NAME = "$(TARGET_NAME)";
			};
			name = Release;
		};
		026516AC1D2F7FF4004C7838 /* Debug */ = {
			isa = XCBuildConfiguration;
			buildSettings = {
				HEADER_SEARCH_PATHS = "$(inherited)";
				LIBRARY_SEARCH_PATHS = "$(inherited)";
				PRODUCT_NAME = "$(TARGET_NAME)";
			};
			name = Debug;
		};
		026516AD1D2F7FF4004C7838 /* Release */ = {
			isa = XCBuildConfiguration;
			buildSettings = {
				HEADER_SEARCH_PATHS = "$(inherited)";
				LIBRARY_SEARCH_PATHS = "$(inherited)";
				PRODUCT_NAME = "$(TARGET_NAME)";
			};
			name = Release;
		};
		026B3EB71CA1ABF4008B59CD /* Debug */ = {
			isa = XCBuildConfiguration;
			buildSettings = {
				HEADER_SEARCH_PATHS = "$(inherited)";
				LIBRARY_SEARCH_PATHS = "$(inherited)";
				PRODUCT_NAME = "$(TARGET_NAME)";
			};
			name = Debug;
		};
		026B3EB81CA1ABF4008B59CD /* Release */ = {
			isa = XCBuildConfiguration;
			buildSettings = {
				HEADER_SEARCH_PATHS = "$(inherited)";
				LIBRARY_SEARCH_PATHS = "$(inherited)";
				PRODUCT_NAME = "$(TARGET_NAME)";
			};
			name = Release;
		};
		027F38841D5B0EDB0012DA39 /* Debug */ = {
			isa = XCBuildConfiguration;
			buildSettings = {
				HEADER_SEARCH_PATHS = "$(inherited)";
				LIBRARY_SEARCH_PATHS = "$(inherited)";
				PRODUCT_NAME = "$(TARGET_NAME)";
			};
			name = Debug;
		};
		027F38851D5B0EDB0012DA39 /* Release */ = {
			isa = XCBuildConfiguration;
			buildSettings = {
				HEADER_SEARCH_PATHS = "$(inherited)";
				LIBRARY_SEARCH_PATHS = "$(inherited)";
				PRODUCT_NAME = "$(TARGET_NAME)";
			};
			name = Release;
		};
		0287FC251D787B7200E4FE99 /* Debug */ = {
			isa = XCBuildConfiguration;
			buildSettings = {
				HEADER_SEARCH_PATHS = "$(inherited)";
				LIBRARY_SEARCH_PATHS = "$(inherited)";
				PRODUCT_NAME = "$(TARGET_NAME)";
			};
			name = Debug;
		};
		0287FC261D787B7200E4FE99 /* Release */ = {
			isa = XCBuildConfiguration;
			buildSettings = {
				HEADER_SEARCH_PATHS = "$(inherited)";
				LIBRARY_SEARCH_PATHS = "$(inherited)";
				PRODUCT_NAME = "$(TARGET_NAME)";
			};
			name = Release;
		};
		028D79FC1C30130B00790A10 /* Debug */ = {
			isa = XCBuildConfiguration;
			buildSettings = {
				ALWAYS_SEARCH_USER_PATHS = NO;
				CLANG_CXX_LANGUAGE_STANDARD = "gnu++0x";
				CLANG_CXX_LIBRARY = "libc++";
				CLANG_ENABLE_MODULES = YES;
				CLANG_ENABLE_OBJC_ARC = YES;
				CLANG_WARN_BOOL_CONVERSION = YES;
				CLANG_WARN_CONSTANT_CONVERSION = YES;
				CLANG_WARN_DIRECT_OBJC_ISA_USAGE = YES_ERROR;
				CLANG_WARN_EMPTY_BODY = YES;
				CLANG_WARN_ENUM_CONVERSION = YES;
				CLANG_WARN_INFINITE_RECURSION = YES;
				CLANG_WARN_INT_CONVERSION = YES;
				CLANG_WARN_OBJC_ROOT_CLASS = YES_ERROR;
				CLANG_WARN_SUSPICIOUS_MOVE = YES;
				CLANG_WARN_UNREACHABLE_CODE = YES;
				CLANG_WARN__DUPLICATE_METHOD_MATCH = YES;
				CODE_SIGN_IDENTITY = "-";
				COPY_PHASE_STRIP = NO;
				DEBUG_INFORMATION_FORMAT = dwarf;
				ENABLE_STRICT_OBJC_MSGSEND = YES;
				ENABLE_TESTABILITY = YES;
				GCC_C_LANGUAGE_STANDARD = gnu99;
				GCC_DYNAMIC_NO_PIC = NO;
				GCC_NO_COMMON_BLOCKS = YES;
				GCC_OPTIMIZATION_LEVEL = 0;
				GCC_PREPROCESSOR_DEFINITIONS = (
					"DEBUG=1",
					"$(inherited)",
				);
				GCC_WARN_64_TO_32_BIT_CONVERSION = YES;
				GCC_WARN_ABOUT_RETURN_TYPE = YES_ERROR;
				GCC_WARN_UNDECLARED_SELECTOR = YES;
				GCC_WARN_UNINITIALIZED_AUTOS = YES_AGGRESSIVE;
				GCC_WARN_UNUSED_FUNCTION = YES;
				GCC_WARN_UNUSED_VARIABLE = YES;
				HEADER_SEARCH_PATHS = /usr/local/Cellar/opencv3/3.1.0_4/include;
				LIBRARY_SEARCH_PATHS = /usr/local/Cellar/opencv3/3.1.0_4/lib;
				MACOSX_DEPLOYMENT_TARGET = 10.10;
				MTL_ENABLE_DEBUG_INFO = YES;
				ONLY_ACTIVE_ARCH = YES;
				SDKROOT = macosx;
			};
			name = Debug;
		};
		028D79FD1C30130B00790A10 /* Release */ = {
			isa = XCBuildConfiguration;
			buildSettings = {
				ALWAYS_SEARCH_USER_PATHS = NO;
				CLANG_CXX_LANGUAGE_STANDARD = "gnu++0x";
				CLANG_CXX_LIBRARY = "libc++";
				CLANG_ENABLE_MODULES = YES;
				CLANG_ENABLE_OBJC_ARC = YES;
				CLANG_WARN_BOOL_CONVERSION = YES;
				CLANG_WARN_CONSTANT_CONVERSION = YES;
				CLANG_WARN_DIRECT_OBJC_ISA_USAGE = YES_ERROR;
				CLANG_WARN_EMPTY_BODY = YES;
				CLANG_WARN_ENUM_CONVERSION = YES;
				CLANG_WARN_INFINITE_RECURSION = YES;
				CLANG_WARN_INT_CONVERSION = YES;
				CLANG_WARN_OBJC_ROOT_CLASS = YES_ERROR;
				CLANG_WARN_SUSPICIOUS_MOVE = YES;
				CLANG_WARN_UNREACHABLE_CODE = YES;
				CLANG_WARN__DUPLICATE_METHOD_MATCH = YES;
				CODE_SIGN_IDENTITY = "-";
				COPY_PHASE_STRIP = NO;
				DEBUG_INFORMATION_FORMAT = "dwarf-with-dsym";
				ENABLE_NS_ASSERTIONS = NO;
				ENABLE_STRICT_OBJC_MSGSEND = YES;
				GCC_C_LANGUAGE_STANDARD = gnu99;
				GCC_NO_COMMON_BLOCKS = YES;
				GCC_WARN_64_TO_32_BIT_CONVERSION = YES;
				GCC_WARN_ABOUT_RETURN_TYPE = YES_ERROR;
				GCC_WARN_UNDECLARED_SELECTOR = YES;
				GCC_WARN_UNINITIALIZED_AUTOS = YES_AGGRESSIVE;
				GCC_WARN_UNUSED_FUNCTION = YES;
				GCC_WARN_UNUSED_VARIABLE = YES;
				HEADER_SEARCH_PATHS = /usr/local/Cellar/opencv3/3.1.0_4/include;
				LIBRARY_SEARCH_PATHS = /usr/local/Cellar/opencv3/3.1.0_4/lib;
				MACOSX_DEPLOYMENT_TARGET = 10.10;
				MTL_ENABLE_DEBUG_INFO = NO;
				ONLY_ACTIVE_ARCH = NO;
				SDKROOT = macosx;
			};
			name = Release;
		};
		029994171C72A9CB00792144 /* Debug */ = {
			isa = XCBuildConfiguration;
			buildSettings = {
				HEADER_SEARCH_PATHS = "$(inherited)";
				LIBRARY_SEARCH_PATHS = "$(inherited)";
				PRODUCT_NAME = "$(TARGET_NAME)";
			};
			name = Debug;
		};
		029994181C72A9CB00792144 /* Release */ = {
			isa = XCBuildConfiguration;
			buildSettings = {
				HEADER_SEARCH_PATHS = "$(inherited)";
				LIBRARY_SEARCH_PATHS = "$(inherited)";
				PRODUCT_NAME = "$(TARGET_NAME)";
			};
			name = Release;
		};
/* End XCBuildConfiguration section */

/* Begin XCConfigurationList section */
		020D73001D2A4ADA00BC61BD /* Build configuration list for PBXNativeTarget "ExtractFrame" */ = {
			isa = XCConfigurationList;
			buildConfigurations = (
				020D73011D2A4ADA00BC61BD /* Debug */,
				020D73021D2A4ADA00BC61BD /* Release */,
			);
			defaultConfigurationIsVisible = 0;
			defaultConfigurationName = Release;
		};
		0225C93E1D00071B00356EA6 /* Build configuration list for PBXNativeTarget "AffineTest" */ = {
			isa = XCConfigurationList;
			buildConfigurations = (
				0225C93F1D00071B00356EA6 /* Debug */,
				0225C9401D00071B00356EA6 /* Release */,
			);
			defaultConfigurationIsVisible = 0;
			defaultConfigurationName = Release;
		};
		024307111D7560300031EFAD /* Build configuration list for PBXNativeTarget "RangeValid" */ = {
			isa = XCConfigurationList;
			buildConfigurations = (
				024307121D7560300031EFAD /* Debug */,
				024307131D7560300031EFAD /* Release */,
			);
			defaultConfigurationIsVisible = 0;
			defaultConfigurationName = Release;
		};
		0245CD811C41382500FF5E33 /* Build configuration list for PBXNativeTarget "MatchTest" */ = {
			isa = XCConfigurationList;
			buildConfigurations = (
				0245CD821C41382500FF5E33 /* Debug */,
				0245CD831C41382500FF5E33 /* Release */,
			);
			defaultConfigurationIsVisible = 0;
			defaultConfigurationName = Release;
		};
		0245CD9F1C43DF3700FF5E33 /* Build configuration list for PBXNativeTarget "VideoMatchTest" */ = {
			isa = XCConfigurationList;
			buildConfigurations = (
				0245CDA01C43DF3700FF5E33 /* Debug */,
				0245CDA11C43DF3700FF5E33 /* Release */,
			);
			defaultConfigurationIsVisible = 0;
			defaultConfigurationName = Release;
		};
		02513FA71D36648900089959 /* Build configuration list for PBXNativeTarget "PerspectiveProjection" */ = {
			isa = XCConfigurationList;
			buildConfigurations = (
				02513FA81D36648900089959 /* Debug */,
				02513FA91D36648900089959 /* Release */,
			);
			defaultConfigurationIsVisible = 0;
			defaultConfigurationName = Release;
		};
		025ADB9E1DB9FF7F00DCE366 /* Build configuration list for PBXNativeTarget "Test" */ = {
			isa = XCConfigurationList;
			buildConfigurations = (
				025ADB9C1DB9FF7F00DCE366 /* Debug */,
				025ADB9D1DB9FF7F00DCE366 /* Release */,
			);
			defaultConfigurationIsVisible = 0;
			defaultConfigurationName = Release;
		};
		02648EAF1CF8058A00E4E948 /* Build configuration list for PBXNativeTarget "ExtractFeatureTest" */ = {
			isa = XCConfigurationList;
			buildConfigurations = (
				02648EB01CF8058A00E4E948 /* Debug */,
				02648EB11CF8058A00E4E948 /* Release */,
			);
			defaultConfigurationIsVisible = 0;
			defaultConfigurationName = Release;
		};
		026516AE1D2F7FF4004C7838 /* Build configuration list for PBXNativeTarget "Mask" */ = {
			isa = XCConfigurationList;
			buildConfigurations = (
				026516AC1D2F7FF4004C7838 /* Debug */,
				026516AD1D2F7FF4004C7838 /* Release */,
			);
			defaultConfigurationIsVisible = 0;
			defaultConfigurationName = Release;
		};
		026B3EB61CA1ABF4008B59CD /* Build configuration list for PBXNativeTarget "ConvertGyro" */ = {
			isa = XCConfigurationList;
			buildConfigurations = (
				026B3EB71CA1ABF4008B59CD /* Debug */,
				026B3EB81CA1ABF4008B59CD /* Release */,
			);
			defaultConfigurationIsVisible = 0;
			defaultConfigurationName = Release;
		};
		027F38831D5B0EDB0012DA39 /* Build configuration list for PBXNativeTarget "RotateVideo" */ = {
			isa = XCConfigurationList;
			buildConfigurations = (
				027F38841D5B0EDB0012DA39 /* Debug */,
				027F38851D5B0EDB0012DA39 /* Release */,
			);
			defaultConfigurationIsVisible = 0;
			defaultConfigurationName = Release;
		};
		0287FC271D787B7200E4FE99 /* Build configuration list for PBXNativeTarget "RotateFrame" */ = {
			isa = XCConfigurationList;
			buildConfigurations = (
				0287FC251D787B7200E4FE99 /* Debug */,
				0287FC261D787B7200E4FE99 /* Release */,
			);
			defaultConfigurationIsVisible = 0;
			defaultConfigurationName = Release;
		};
		028D79F21C30130B00790A10 /* Build configuration list for PBXProject "OmnidirectionalImage" */ = {
			isa = XCConfigurationList;
			buildConfigurations = (
				028D79FC1C30130B00790A10 /* Debug */,
				028D79FD1C30130B00790A10 /* Release */,
			);
			defaultConfigurationIsVisible = 0;
			defaultConfigurationName = Release;
		};
		029994161C72A9CB00792144 /* Build configuration list for PBXNativeTarget "PlayVideo" */ = {
			isa = XCConfigurationList;
			buildConfigurations = (
				029994171C72A9CB00792144 /* Debug */,
				029994181C72A9CB00792144 /* Release */,
			);
			defaultConfigurationIsVisible = 0;
			defaultConfigurationName = Release;
		};
/* End XCConfigurationList section */
	};
	rootObject = 028D79EF1C30130B00790A10 /* Project object */;
}
